
Microsoft Visual Studio Solution File, Format Version 12.00
# Visual Studio 2013
VisualStudioVersion = 12.0.31101.0
MinimumVisualStudioVersion = 10.0.40219.1
Project("{FAE04EC0-301F-11D3-BF4B-00C04F79EFBC}") = "WindowsChannel.Wrt81", "Src\TelemetryChannels\UTC\Wrt81\WindowsChannel.Wrt81.csproj", "{442EC7A9-D369-49C8-89DE-02187DDF32DF}"
	ProjectSection(ProjectDependencies) = postProject
		{50368B2B-A526-460E-8AD9-AB2E7951DAB2} = {50368B2B-A526-460E-8AD9-AB2E7951DAB2}
	EndProjectSection
EndProject
Project("{D954291E-2A0B-460D-934E-DC6B0785DB48}") = "Shared", "Src\TelemetryChannels\UTC\Shared\Shared.shproj", "{CFD617E7-2AAA-4ECC-B5C3-74C25FF6F80E}"
EndProject
Project("{2150E333-8FDC-42A3-9474-1A3956D46DE8}") = "WindowsChannel.Tests", "WindowsChannel.Tests", "{C2FEEDE5-8CAE-41A4-8932-42D284A86EA7}"
EndProject
Project("{D954291E-2A0B-460D-934E-DC6B0785DB48}") = "Shared.Tests", "Src\TelemetryChannels\UTC.Tests\Shared.Tests\Shared.Tests.shproj", "{6C612E46-985E-47C2-A90E-507B5C2E7905}"
EndProject
Project("{2150E333-8FDC-42A3-9474-1A3956D46DE8}") = "Solution Items", "Solution Items", "{13F02CEF-09E5-4E55-B467-FBBD8880E302}"
	ProjectSection(SolutionItems) = preProject
		Common.props = Common.props
		..\Global.props = ..\Global.props
		Product.props = Product.props
		Settings.StyleCop = Settings.StyleCop
		Test.props = Test.props
	EndProjectSection
EndProject
Project("{FAE04EC0-301F-11D3-BF4B-00C04F79EFBC}") = "WindowsChannel.NuGet", "Src\TelemetryChannels\NuGets\UTC.NuGet\WindowsChannel.NuGet.csproj", "{B69CBB57-4D1F-4FBE-B4AB-FD87EDBEE12B}"
	ProjectSection(ProjectDependencies) = postProject
		{50368B2B-A526-460E-8AD9-AB2E7951DAB2} = {50368B2B-A526-460E-8AD9-AB2E7951DAB2}
		{442EC7A9-D369-49C8-89DE-02187DDF32DF} = {442EC7A9-D369-49C8-89DE-02187DDF32DF}
	EndProjectSection
EndProject
Project("{2150E333-8FDC-42A3-9474-1A3956D46DE8}") = "WindowsChannel", "WindowsChannel", "{68CC2924-E162-44BE-8D7A-DBA385365585}"
EndProject
Project("{2150E333-8FDC-42A3-9474-1A3956D46DE8}") = "Core", "Core", "{6AF2BDAF-C97E-4923-8644-DB62552F269B}"
EndProject
Project("{D954291E-2A0B-460D-934E-DC6B0785DB48}") = "Core.Shared", "Core\ApplicationInsights-dotnet\src\Core\Managed\Shared\Core.Shared.shproj", "{C1AAA703-5E32-45C0-A69D-F46D1C659AE4}"
EndProject
Project("{2150E333-8FDC-42A3-9474-1A3956D46DE8}") = "TestFramework", "TestFramework", "{51D6AF30-CD12-4BED-8B84-48489F9766FD}"
EndProject
Project("{FAE04EC0-301F-11D3-BF4B-00C04F79EFBC}") = "Core.Wrt81", "Core\ApplicationInsights-dotnet\src\Core\Managed\Wrt81\Core.Wrt81.csproj", "{50368B2B-A526-460E-8AD9-AB2E7951DAB2}"
EndProject
Project("{2150E333-8FDC-42A3-9474-1A3956D46DE8}") = "NuGets", "NuGets", "{F3E1B574-37ED-4787-8EBF-0A272CAC891B}"
EndProject
Project("{D954291E-2A0B-460D-934E-DC6B0785DB48}") = "TestFramework.Shared", "Src\TelemetryChannels\TestFramework\Shared\TestFramework.Shared.shproj", "{F76C6CBD-29B0-4564-BDCB-C969F8FEC136}"
EndProject
Project("{FAE04EC0-301F-11D3-BF4B-00C04F79EFBC}") = "TestFramework.Wrt81", "Src\TelemetryChannels\TestFramework\Wrt81\TestFramework.Wrt81.csproj", "{9F9C3D52-ABB9-461A-B1B6-A01BB5CECD93}"
EndProject
Project("{FAE04EC0-301F-11D3-BF4B-00C04F79EFBC}") = "WindowsChannel.Wrt81.Tests", "Src\TelemetryChannels\UTC.Tests\UTC.Wrt81.Tests\WindowsChannel.Wrt81.Tests.csproj", "{C8B1F0D1-3E61-4756-84AE-B3B0534F5653}"
EndProject
Global
	GlobalSection(SharedMSBuildProjectFiles) = preSolution
		Src\TelemetryChannels\UTC\Shared\Shared.projitems*{cfd617e7-2aaa-4ecc-b5c3-74c25ff6f80e}*SharedItemsImports = 13
		TestFramework\Shared\TestFramework.Shared.projitems*{9f9c3d52-abb9-461a-b1b6-a01bb5cecd93}*SharedItemsImports = 4
		Src\TelemetryChannels\UTC\Shared\Shared.projitems*{442ec7a9-d369-49c8-89de-02187ddf32df}*SharedItemsImports = 4
		Src\TelemetryChannels\UTC.Tests\Shared.Tests\Shared.Tests.projitems*{6c612e46-985e-47c2-a90e-507b5c2e7905}*SharedItemsImports = 13
		Src\TelemetryChannels\TestFramework\Shared\TestFramework.Shared.projitems*{f76c6cbd-29b0-4564-bdcb-c969f8fec136}*SharedItemsImports = 13
		Src\TelemetryChannels\UTC.Tests\Shared.Tests\Shared.Tests.projitems*{c8b1f0d1-3e61-4756-84ae-b3b0534f5653}*SharedItemsImports = 4
		Core\ApplicationInsights-dotnet\src\Core\Managed\Shared\Shared.projitems*{50368b2b-a526-460e-8ad9-ab2e7951dab2}*SharedItemsImports = 4
		Core\ApplicationInsights-dotnet\src\Core\Managed\Shared\Shared.projitems*{c1aaa703-5e32-45c0-a69d-f46d1c659ae4}*SharedItemsImports = 13
	EndGlobalSection
	GlobalSection(SolutionConfigurationPlatforms) = preSolution
		Debug|Any CPU = Debug|Any CPU
		Debug|ARM = Debug|ARM
		Debug|Mixed Platforms = Debug|Mixed Platforms
		Debug|x86 = Debug|x86
		Release|Any CPU = Release|Any CPU
		Release|ARM = Release|ARM
		Release|Mixed Platforms = Release|Mixed Platforms
		Release|x86 = Release|x86
	EndGlobalSection
	GlobalSection(ProjectConfigurationPlatforms) = postSolution
		{442EC7A9-D369-49C8-89DE-02187DDF32DF}.Debug|Any CPU.ActiveCfg = Debug|Any CPU
		{442EC7A9-D369-49C8-89DE-02187DDF32DF}.Debug|Any CPU.Build.0 = Debug|Any CPU
		{442EC7A9-D369-49C8-89DE-02187DDF32DF}.Debug|ARM.ActiveCfg = Debug|Any CPU
		{442EC7A9-D369-49C8-89DE-02187DDF32DF}.Debug|Mixed Platforms.ActiveCfg = Debug|Any CPU
		{442EC7A9-D369-49C8-89DE-02187DDF32DF}.Debug|Mixed Platforms.Build.0 = Debug|Any CPU
		{442EC7A9-D369-49C8-89DE-02187DDF32DF}.Debug|x86.ActiveCfg = Debug|Any CPU
		{442EC7A9-D369-49C8-89DE-02187DDF32DF}.Release|Any CPU.ActiveCfg = Release|Any CPU
		{442EC7A9-D369-49C8-89DE-02187DDF32DF}.Release|Any CPU.Build.0 = Release|Any CPU
		{442EC7A9-D369-49C8-89DE-02187DDF32DF}.Release|ARM.ActiveCfg = Release|Any CPU
		{442EC7A9-D369-49C8-89DE-02187DDF32DF}.Release|Mixed Platforms.ActiveCfg = Release|Any CPU
		{442EC7A9-D369-49C8-89DE-02187DDF32DF}.Release|Mixed Platforms.Build.0 = Release|Any CPU
		{442EC7A9-D369-49C8-89DE-02187DDF32DF}.Release|x86.ActiveCfg = Release|Any CPU
		{B69CBB57-4D1F-4FBE-B4AB-FD87EDBEE12B}.Debug|Any CPU.ActiveCfg = Debug|Any CPU
		{B69CBB57-4D1F-4FBE-B4AB-FD87EDBEE12B}.Debug|Any CPU.Build.0 = Debug|Any CPU
		{B69CBB57-4D1F-4FBE-B4AB-FD87EDBEE12B}.Debug|ARM.ActiveCfg = Debug|Any CPU
		{B69CBB57-4D1F-4FBE-B4AB-FD87EDBEE12B}.Debug|Mixed Platforms.ActiveCfg = Debug|Any CPU
		{B69CBB57-4D1F-4FBE-B4AB-FD87EDBEE12B}.Debug|Mixed Platforms.Build.0 = Debug|Any CPU
		{B69CBB57-4D1F-4FBE-B4AB-FD87EDBEE12B}.Debug|x86.ActiveCfg = Debug|Any CPU
		{B69CBB57-4D1F-4FBE-B4AB-FD87EDBEE12B}.Release|Any CPU.ActiveCfg = Release|Any CPU
		{B69CBB57-4D1F-4FBE-B4AB-FD87EDBEE12B}.Release|Any CPU.Build.0 = Release|Any CPU
		{B69CBB57-4D1F-4FBE-B4AB-FD87EDBEE12B}.Release|ARM.ActiveCfg = Release|Any CPU
		{B69CBB57-4D1F-4FBE-B4AB-FD87EDBEE12B}.Release|Mixed Platforms.ActiveCfg = Release|Any CPU
		{B69CBB57-4D1F-4FBE-B4AB-FD87EDBEE12B}.Release|Mixed Platforms.Build.0 = Release|Any CPU
		{B69CBB57-4D1F-4FBE-B4AB-FD87EDBEE12B}.Release|x86.ActiveCfg = Release|Any CPU
		{50368B2B-A526-460E-8AD9-AB2E7951DAB2}.Debug|Any CPU.ActiveCfg = Debug|Any CPU
		{50368B2B-A526-460E-8AD9-AB2E7951DAB2}.Debug|Any CPU.Build.0 = Debug|Any CPU
		{50368B2B-A526-460E-8AD9-AB2E7951DAB2}.Debug|ARM.ActiveCfg = Debug|Any CPU
		{50368B2B-A526-460E-8AD9-AB2E7951DAB2}.Debug|Mixed Platforms.ActiveCfg = Debug|Any CPU
		{50368B2B-A526-460E-8AD9-AB2E7951DAB2}.Debug|Mixed Platforms.Build.0 = Debug|Any CPU
		{50368B2B-A526-460E-8AD9-AB2E7951DAB2}.Debug|x86.ActiveCfg = Debug|Any CPU
		{50368B2B-A526-460E-8AD9-AB2E7951DAB2}.Release|Any CPU.ActiveCfg = Release|Any CPU
		{50368B2B-A526-460E-8AD9-AB2E7951DAB2}.Release|Any CPU.Build.0 = Release|Any CPU
		{50368B2B-A526-460E-8AD9-AB2E7951DAB2}.Release|ARM.ActiveCfg = Release|Any CPU
		{50368B2B-A526-460E-8AD9-AB2E7951DAB2}.Release|Mixed Platforms.ActiveCfg = Release|Any CPU
		{50368B2B-A526-460E-8AD9-AB2E7951DAB2}.Release|Mixed Platforms.Build.0 = Release|Any CPU
		{50368B2B-A526-460E-8AD9-AB2E7951DAB2}.Release|x86.ActiveCfg = Release|Any CPU
		{9F9C3D52-ABB9-461A-B1B6-A01BB5CECD93}.Debug|Any CPU.ActiveCfg = Debug|Any CPU
		{9F9C3D52-ABB9-461A-B1B6-A01BB5CECD93}.Debug|Any CPU.Build.0 = Debug|Any CPU
		{9F9C3D52-ABB9-461A-B1B6-A01BB5CECD93}.Debug|ARM.ActiveCfg = Debug|Any CPU
		{9F9C3D52-ABB9-461A-B1B6-A01BB5CECD93}.Debug|Mixed Platforms.ActiveCfg = Debug|Any CPU
		{9F9C3D52-ABB9-461A-B1B6-A01BB5CECD93}.Debug|Mixed Platforms.Build.0 = Debug|Any CPU
		{9F9C3D52-ABB9-461A-B1B6-A01BB5CECD93}.Debug|x86.ActiveCfg = Debug|Any CPU
		{9F9C3D52-ABB9-461A-B1B6-A01BB5CECD93}.Release|Any CPU.ActiveCfg = Release|Any CPU
		{9F9C3D52-ABB9-461A-B1B6-A01BB5CECD93}.Release|Any CPU.Build.0 = Release|Any CPU
		{9F9C3D52-ABB9-461A-B1B6-A01BB5CECD93}.Release|ARM.ActiveCfg = Release|Any CPU
		{9F9C3D52-ABB9-461A-B1B6-A01BB5CECD93}.Release|Mixed Platforms.ActiveCfg = Release|Any CPU
		{9F9C3D52-ABB9-461A-B1B6-A01BB5CECD93}.Release|Mixed Platforms.Build.0 = Release|Any CPU
		{9F9C3D52-ABB9-461A-B1B6-A01BB5CECD93}.Release|x86.ActiveCfg = Release|Any CPU
		{C8B1F0D1-3E61-4756-84AE-B3B0534F5653}.Debug|Any CPU.ActiveCfg = Debug|Any CPU
		{C8B1F0D1-3E61-4756-84AE-B3B0534F5653}.Debug|Any CPU.Build.0 = Debug|Any CPU
		{C8B1F0D1-3E61-4756-84AE-B3B0534F5653}.Debug|Any CPU.Deploy.0 = Debug|Any CPU
		{C8B1F0D1-3E61-4756-84AE-B3B0534F5653}.Debug|ARM.ActiveCfg = Debug|Any CPU
		{C8B1F0D1-3E61-4756-84AE-B3B0534F5653}.Debug|Mixed Platforms.ActiveCfg = Debug|Any CPU
		{C8B1F0D1-3E61-4756-84AE-B3B0534F5653}.Debug|Mixed Platforms.Build.0 = Debug|Any CPU
		{C8B1F0D1-3E61-4756-84AE-B3B0534F5653}.Debug|Mixed Platforms.Deploy.0 = Debug|Any CPU
		{C8B1F0D1-3E61-4756-84AE-B3B0534F5653}.Debug|x86.ActiveCfg = Debug|Any CPU
		{C8B1F0D1-3E61-4756-84AE-B3B0534F5653}.Release|Any CPU.ActiveCfg = Release|Any CPU
		{C8B1F0D1-3E61-4756-84AE-B3B0534F5653}.Release|Any CPU.Build.0 = Release|Any CPU
		{C8B1F0D1-3E61-4756-84AE-B3B0534F5653}.Release|Any CPU.Deploy.0 = Release|Any CPU
		{C8B1F0D1-3E61-4756-84AE-B3B0534F5653}.Release|ARM.ActiveCfg = Release|Any CPU
		{C8B1F0D1-3E61-4756-84AE-B3B0534F5653}.Release|Mixed Platforms.ActiveCfg = Release|Any CPU
		{C8B1F0D1-3E61-4756-84AE-B3B0534F5653}.Release|Mixed Platforms.Build.0 = Release|Any CPU
		{C8B1F0D1-3E61-4756-84AE-B3B0534F5653}.Release|Mixed Platforms.Deploy.0 = Release|Any CPU
		{C8B1F0D1-3E61-4756-84AE-B3B0534F5653}.Release|x86.ActiveCfg = Release|Any CPU
	EndGlobalSection
	GlobalSection(SolutionProperties) = preSolution
		HideSolutionNode = FALSE
	EndGlobalSection
	GlobalSection(NestedProjects) = preSolution
		{442EC7A9-D369-49C8-89DE-02187DDF32DF} = {68CC2924-E162-44BE-8D7A-DBA385365585}
		{CFD617E7-2AAA-4ECC-B5C3-74C25FF6F80E} = {68CC2924-E162-44BE-8D7A-DBA385365585}
		{6C612E46-985E-47C2-A90E-507B5C2E7905} = {C2FEEDE5-8CAE-41A4-8932-42D284A86EA7}
		{B69CBB57-4D1F-4FBE-B4AB-FD87EDBEE12B} = {F3E1B574-37ED-4787-8EBF-0A272CAC891B}
		{C1AAA703-5E32-45C0-A69D-F46D1C659AE4} = {6AF2BDAF-C97E-4923-8644-DB62552F269B}
		{50368B2B-A526-460E-8AD9-AB2E7951DAB2} = {6AF2BDAF-C97E-4923-8644-DB62552F269B}
		{F76C6CBD-29B0-4564-BDCB-C969F8FEC136} = {51D6AF30-CD12-4BED-8B84-48489F9766FD}
		{9F9C3D52-ABB9-461A-B1B6-A01BB5CECD93} = {51D6AF30-CD12-4BED-8B84-48489F9766FD}
		{C8B1F0D1-3E61-4756-84AE-B3B0534F5653} = {C2FEEDE5-8CAE-41A4-8932-42D284A86EA7}
	EndGlobalSection
EndGlobal
