
Microsoft Visual Studio Solution File, Format Version 12.00
# Visual Studio 14
VisualStudioVersion = 14.0.23107.0
MinimumVisualStudioVersion = 10.0.40219.1
Project("{FAE04EC0-301F-11D3-BF4B-00C04F79EFBC}") = "Core.Wrt81", "Core\ApplicationInsights-dotnet\src\Core\Managed\Wrt81\Core.Wrt81.csproj", "{50368B2B-A526-460E-8AD9-AB2E7951DAB2}"
EndProject
Project("{FAE04EC0-301F-11D3-BF4B-00C04F79EFBC}") = "Core.Wp80", "Core\ApplicationInsights-dotnet\src\Core\Managed\Wp80\Core.Wp80.csproj", "{3A820D7A-F63C-460D-B2BD-DDAC9433B4E9}"
EndProject
Project("{D954291E-2A0B-460D-934E-DC6B0785DB48}") = "Core.Shared", "Core\ApplicationInsights-dotnet\src\Core\Managed\Shared\Core.Shared.shproj", "{C1AAA703-5E32-45C0-A69D-F46D1C659AE4}"
EndProject
Project("{2150E333-8FDC-42A3-9474-1A3956D46DE8}") = "Core.Tests", "Core.Tests", "{C2FEEDE5-8CAE-41A4-8932-42D284A86EA7}"
EndProject
Project("{D954291E-2A0B-460D-934E-DC6B0785DB48}") = "Core.Shared.Tests", "Core\ApplicationInsights-dotnet\Test\CoreSDK.Test\Shared\Core.Shared.Tests.shproj", "{C4A0DB5B-0988-4E04-B9B8-BCF3B0842000}"
EndProject
Project("{2150E333-8FDC-42A3-9474-1A3956D46DE8}") = "Core", "Core", "{68CC2924-E162-44BE-8D7A-DBA385365585}"
EndProject
Project("{FAE04EC0-301F-11D3-BF4B-00C04F79EFBC}") = "Core.Wp80.Tests", "Core\ApplicationInsights-dotnet\Test\CoreSDK.Test\Wp80\Core.Wp80.Tests.csproj", "{30717095-904B-47B6-A76B-3D7A21F14E18}"
	ProjectSection(ProjectDependencies) = postProject
		{B3AD9230-7E7A-4C82-8A7E-F297EEEF8BB8} = {B3AD9230-7E7A-4C82-8A7E-F297EEEF8BB8}
	EndProjectSection
EndProject
Project("{FAE04EC0-301F-11D3-BF4B-00C04F79EFBC}") = "Core.Wpa81.Tests", "Core\ApplicationInsights-dotnet\Test\CoreSDK.Test\Wpa81\Core.Wpa81.Tests.csproj", "{6587B432-E16A-4D26-93E1-BF12449FDB32}"
	ProjectSection(ProjectDependencies) = postProject
		{9F9C3D52-ABB9-461A-B1B6-A01BB5CECD93} = {9F9C3D52-ABB9-461A-B1B6-A01BB5CECD93}
	EndProjectSection
EndProject
Project("{2150E333-8FDC-42A3-9474-1A3956D46DE8}") = "TestFramework", "TestFramework", "{BED5EB47-4AB1-4387-98B6-83CC327D6D16}"
EndProject
Project("{FAE04EC0-301F-11D3-BF4B-00C04F79EFBC}") = "TestFramework.Wp80", "Core\ApplicationInsights-dotnet\Test\CoreSDK.Test\TestFramework\Wp80\TestFramework.Wp80.csproj", "{B3AD9230-7E7A-4C82-8A7E-F297EEEF8BB8}"
EndProject
Project("{FAE04EC0-301F-11D3-BF4B-00C04F79EFBC}") = "TestFramework.Wrt81", "Core\ApplicationInsights-dotnet\Test\CoreSDK.Test\TestFramework\Wrt81\TestFramework.Wrt81.csproj", "{9F9C3D52-ABB9-461A-B1B6-A01BB5CECD93}"
EndProject
Project("{D954291E-2A0B-460D-934E-DC6B0785DB48}") = "TestFramework.Shared", "Core\ApplicationInsights-dotnet\Test\CoreSDK.Test\TestFramework\Shared\TestFramework.Shared.shproj", "{F76C6CBD-29B0-4564-BDCB-C969F8FEC136}"
EndProject
Project("{FAE04EC0-301F-11D3-BF4B-00C04F79EFBC}") = "Core.Win81.Tests", "Core\ApplicationInsights-dotnet\Test\CoreSDK.Test\Win81\Core.Win81.Tests.csproj", "{FF8678DB-8FF0-4507-A793-2FF896FC7AD7}"
EndProject
Project("{2150E333-8FDC-42A3-9474-1A3956D46DE8}") = "Windows", "Windows", "{1EACB95F-662D-43A1-8758-0A69B1BD91A6}"
EndProject
Project("{FAE04EC0-301F-11D3-BF4B-00C04F79EFBC}") = "Windows.Wp80", "src\Windows\Wp80\Windows.Wp80.csproj", "{AFC48348-7368-47BE-85E6-6707CA42E2E5}"
EndProject
Project("{FAE04EC0-301F-11D3-BF4B-00C04F79EFBC}") = "Windows.Wrt81", "src\Windows\Wrt81\Windows.Wrt81.csproj", "{2E1127B9-787B-4427-8D92-1E9EB3A79DE1}"
EndProject
Project("{D954291E-2A0B-460D-934E-DC6B0785DB48}") = "Windows.Shared", "src\Windows\Shared\Windows.Shared.shproj", "{0A20699D-4E6B-4FCE-ABFD-84EB230255F3}"
EndProject
Project("{2150E333-8FDC-42A3-9474-1A3956D46DE8}") = "Windows.Tests", "Windows.Tests", "{C89C77E0-9544-4532-AE26-198D2081A2B7}"
EndProject
Project("{FAE04EC0-301F-11D3-BF4B-00C04F79EFBC}") = "Windows.Wp80.Tests", "Test\Windows.Tests\Wp80.Tests\Windows.Wp80.Tests.csproj", "{0FF88612-6F5B-4D8E-A78A-38851F038066}"
EndProject
Project("{FAE04EC0-301F-11D3-BF4B-00C04F79EFBC}") = "Windows.Wpa81.Tests", "Test\Windows.Tests\Wpa81.Tests\Windows.Wpa81.Tests.csproj", "{DC80A5B2-4643-4C45-8C1E-280B4D57C312}"
EndProject
Project("{FAE04EC0-301F-11D3-BF4B-00C04F79EFBC}") = "Windows.Win81.Tests", "Test\Windows.Tests\Win81.Tests\Windows.Win81.Tests.csproj", "{659E6063-E530-4061-A253-4E9D1B8D74AF}"
EndProject
Project("{D954291E-2A0B-460D-934E-DC6B0785DB48}") = "Windows.Shared.Tests", "Test\Windows.Tests\Shared.Tests\Windows.Shared.Tests.shproj", "{736292E3-1081-4DA6-9A0C-9FCFD54413B0}"
EndProject
Project("{2150E333-8FDC-42A3-9474-1A3956D46DE8}") = "Windows.NuGet", "Windows.NuGet", "{5116D6F6-6065-48C7-BE05-71EED997F2F9}"
EndProject
Project("{FAE04EC0-301F-11D3-BF4B-00C04F79EFBC}") = "WindowsApps.NuGet", "src\Windows\NuGet\WindowsApps\WindowsApps.NuGet.csproj", "{C6EF75AB-0FF0-4C98-9F01-96E6492C95A1}"
	ProjectSection(ProjectDependencies) = postProject
		{50368B2B-A526-460E-8AD9-AB2E7951DAB2} = {50368B2B-A526-460E-8AD9-AB2E7951DAB2}
		{AFC48348-7368-47BE-85E6-6707CA42E2E5} = {AFC48348-7368-47BE-85E6-6707CA42E2E5}
		{3A820D7A-F63C-460D-B2BD-DDAC9433B4E9} = {3A820D7A-F63C-460D-B2BD-DDAC9433B4E9}
		{2E1127B9-787B-4427-8D92-1E9EB3A79DE1} = {2E1127B9-787B-4427-8D92-1E9EB3A79DE1}
	EndProjectSection
EndProject
Project("{2150E333-8FDC-42A3-9474-1A3956D46DE8}") = "Channels", "Channels", "{A2B4271C-9FB7-4D61-8181-0DC843954531}"
EndProject
Project("{D954291E-2A0B-460D-934E-DC6B0785DB48}") = "Shared", "Core\ApplicationInsights-dotnet\src\TelemetryChannels\PersistenceChannel\Shared\Shared.shproj", "{3F212C88-4C51-4B4D-8E8D-7512B791E4BF}"
EndProject
Project("{FAE04EC0-301F-11D3-BF4B-00C04F79EFBC}") = "PersistenceChannel.Wp80", "Core\ApplicationInsights-dotnet\src\TelemetryChannels\PersistenceChannel\Wp80\PersistenceChannel.Wp80.csproj", "{27BF043B-B716-44CF-940E-33A106CDE314}"
EndProject
Project("{FAE04EC0-301F-11D3-BF4B-00C04F79EFBC}") = "PersistenceChannel.Wrt81", "Core\ApplicationInsights-dotnet\src\TelemetryChannels\PersistenceChannel\Wrt81\PersistenceChannel.Wrt81.csproj", "{48D96F13-D9F7-4DB8-A738-E03F82E45BBB}"
EndProject
Project("{2150E333-8FDC-42A3-9474-1A3956D46DE8}") = "HockeyApp", "HockeyApp", "{8D7A956E-504A-4832-9ADE-CC7BC38CDC3A}"
EndProject
Project("{FAE04EC0-301F-11D3-BF4B-00C04F79EFBC}") = "HockeySDK_Portable45", "Src\Windows\HockeyApp\HockeySDK_Portable45\HockeySDK_Portable45.csproj", "{643606BA-84A8-483F-A582-49E472B8701E}"
EndProject
Project("{FAE04EC0-301F-11D3-BF4B-00C04F79EFBC}") = "HockeySDK_Win81", "Src\Windows\HockeyApp\HockeySDK_Win81\HockeySDK_Win81.csproj", "{F1FEF39B-3CED-4985-B7A5-BD4977392228}"
EndProject
Project("{FAE04EC0-301F-11D3-BF4B-00C04F79EFBC}") = "HockeySDK_WinForms45", "Src\Windows\HockeyApp\HockeySDK_WinForms45\HockeySDK_WinForms45.csproj", "{265092EA-A2DF-4A30-B361-EDC66DFB9656}"
EndProject
Project("{FAE04EC0-301F-11D3-BF4B-00C04F79EFBC}") = "HockeySDK_WP81", "Src\Windows\HockeyApp\HockeySDK_WP81\HockeySDK_WP81.csproj", "{3A24597D-D3CF-4C4C-9330-B5A391A3905B}"
EndProject
Project("{FAE04EC0-301F-11D3-BF4B-00C04F79EFBC}") = "HockeySDK_Portable", "Src\Windows\HockeyApp\HockeySDK_Portable\HockeySDK_Portable.csproj", "{DD8A28B6-572B-4C4F-8F73-3D4A7D4F7F96}"
EndProject
Project("{FAE04EC0-301F-11D3-BF4B-00C04F79EFBC}") = "HockeySDK_WinRT", "Src\Windows\HockeyApp\HockeySDK_WinRT\HockeySDK_WinRT.csproj", "{15C4A313-6BB0-4606-A05C-8487631CE5E4}"
EndProject
Project("{FAE04EC0-301F-11D3-BF4B-00C04F79EFBC}") = "HockeySDK_WP8", "Src\Windows\HockeyApp\HockeySDK_WP8\HockeySDK_WP8.csproj", "{621893EB-F854-4777-8CFD-9032E6FF740C}"
EndProject
Project("{FAE04EC0-301F-11D3-BF4B-00C04F79EFBC}") = "HockeySDK_WPF", "Src\Windows\HockeyApp\HockeySDK_WPF\HockeySDK_WPF.csproj", "{BAA9D141-F91A-4C85-B6E6-64FF66D63ED1}"
EndProject
Project("{FAE04EC0-301F-11D3-BF4B-00C04F79EFBC}") = "HockeySDK_WPF45", "Src\Windows\HockeyApp\HockeySDK_WPF45\HockeySDK_WPF45.csproj", "{C9612531-2077-4662-B8A4-092E06D5069B}"
EndProject
Project("{FAE04EC0-301F-11D3-BF4B-00C04F79EFBC}") = "Core.Net40", "Core\ApplicationInsights-dotnet\src\Core\Managed\Net40\Core.Net40.csproj", "{CD752CD2-6711-4AD7-B5C8-F8C23CF076B1}"
EndProject
Project("{FAE04EC0-301F-11D3-BF4B-00C04F79EFBC}") = "Core.Net45", "Core\ApplicationInsights-dotnet\src\Core\Managed\Net45\Core.Net45.csproj", "{412659CA-49B0-4834-BFBF-8183055083C8}"
EndProject
Project("{FAE04EC0-301F-11D3-BF4B-00C04F79EFBC}") = "Core.Uwp", "Core\ApplicationInsights-dotnet\src\Core\Managed\Core.Uwp\Core.Uwp.csproj", "{D076FB25-D286-48F5-80C9-F55FFA576B77}"
EndProject
Project("{FAE04EC0-301F-11D3-BF4B-00C04F79EFBC}") = "PersistenceChannel.Net40", "Core\ApplicationInsights-dotnet\src\TelemetryChannels\PersistenceChannel\Net40\PersistenceChannel.Net40.csproj", "{1EFA40A6-A835-4668-A41F-CB2660B93BFC}"
EndProject
Project("{FAE04EC0-301F-11D3-BF4B-00C04F79EFBC}") = "PersistenceChannel.Net45", "Core\ApplicationInsights-dotnet\src\TelemetryChannels\PersistenceChannel\Net45\PersistenceChannel.Net45.csproj", "{DFC9EC7C-8BEF-4FD3-ACEC-9128A9BDE53C}"
EndProject
Project("{FAE04EC0-301F-11D3-BF4B-00C04F79EFBC}") = "HockeySDK.Core.NuGet", "Src\Windows\NuGet\HockeySDK.Core\HockeySDK.Core.NuGet.csproj", "{C6EF75AB-0FF0-4C98-9F01-96E6492C95A2}"
EndProject
Project("{FAE04EC0-301F-11D3-BF4B-00C04F79EFBC}") = "HockeySDK.WinForms.NuGet", "Src\Windows\NuGet\HockeySDK.WinForms\HockeySDK.WinForms.NuGet.csproj", "{9A331B4F-B619-48D6-8598-0CDBDBEBA629}"
EndProject
Project("{FAE04EC0-301F-11D3-BF4B-00C04F79EFBC}") = "HockeySDK.WP.NuGet", "Src\Windows\NuGet\HockeySDK.WP\HockeySDK.WP.NuGet.csproj", "{D90076F7-CC99-4C68-BDF6-F6585F3B41A5}"
EndProject
Global
	GlobalSection(SharedMSBuildProjectFiles) = preSolution
		Core\ApplicationInsights-dotnet\src\Core\Managed\Shared\Shared.projitems*{412659ca-49b0-4834-bfbf-8183055083c8}*SharedItemsImports = 4
		Core\ApplicationInsights-dotnet\Test\CoreSDK.Test\TestFramework\Shared\TestFramework.Shared.projitems*{9f9c3d52-abb9-461a-b1b6-a01bb5cecd93}*SharedItemsImports = 4
		Core\ApplicationInsights-dotnet\Test\CoreSDK.Test\Shared\Core.Shared.Tests.projitems*{30717095-904b-47b6-a76b-3d7a21f14e18}*SharedItemsImports = 4
		Core\ApplicationInsights-dotnet\src\TelemetryChannels\PersistenceChannel\Shared\Shared.projitems*{27bf043b-b716-44cf-940e-33a106cde314}*SharedItemsImports = 4
		Test\Windows.Tests\Shared.Tests\Windows.Shared.Tests.projitems*{dc80a5b2-4643-4c45-8c1e-280b4d57c312}*SharedItemsImports = 4
		src\Windows\Shared\Windows.Shared.projitems*{afc48348-7368-47be-85e6-6707ca42e2e5}*SharedItemsImports = 4
		src\Windows\Shared\Windows.Shared.projitems*{0a20699d-4e6b-4fce-abfd-84eb230255f3}*SharedItemsImports = 13
		Core\ApplicationInsights-dotnet\src\TelemetryChannels\PersistenceChannel\Shared\Shared.projitems*{dfc9ec7c-8bef-4fd3-acec-9128a9bde53c}*SharedItemsImports = 4
		Test\Windows.Tests\Shared.Tests\Windows.Shared.Tests.projitems*{659e6063-e530-4061-a253-4e9d1b8d74af}*SharedItemsImports = 4
		Core\ApplicationInsights-dotnet\src\Core\Managed\Shared\Shared.projitems*{d076fb25-d286-48f5-80c9-f55ffa576b77}*SharedItemsImports = 4
		Test\Windows.Tests\Shared.Tests\Windows.Shared.Tests.projitems*{736292e3-1081-4da6-9a0c-9fcfd54413b0}*SharedItemsImports = 13
		Core\ApplicationInsights-dotnet\src\TelemetryChannels\PersistenceChannel\Shared\Shared.projitems*{3f212c88-4c51-4b4d-8e8d-7512b791e4bf}*SharedItemsImports = 13
		Core\ApplicationInsights-dotnet\src\Core\Managed\Shared\Shared.projitems*{3a820d7a-f63c-460d-b2bd-ddac9433b4e9}*SharedItemsImports = 4
		Core\ApplicationInsights-dotnet\Test\CoreSDK.Test\TestFramework\Shared\TestFramework.Shared.projitems*{f76c6cbd-29b0-4564-bdcb-c969f8fec136}*SharedItemsImports = 13
		Core\ApplicationInsights-dotnet\Test\CoreSDK.Test\Shared\Core.Shared.Tests.projitems*{6587b432-e16a-4d26-93e1-bf12449fdb32}*SharedItemsImports = 4
		Core\ApplicationInsights-dotnet\Test\CoreSDK.Test\TestFramework\Shared\TestFramework.Shared.projitems*{b3ad9230-7e7a-4c82-8a7e-f297eeef8bb8}*SharedItemsImports = 4
		src\Windows\Shared\Windows.Shared.projitems*{2e1127b9-787b-4427-8d92-1e9eb3a79de1}*SharedItemsImports = 4
		Core\ApplicationInsights-dotnet\src\Core\Managed\Shared\Shared.projitems*{cd752cd2-6711-4ad7-b5c8-f8c23cf076b1}*SharedItemsImports = 4
		Test\Windows.Tests\Shared.Tests\Windows.Shared.Tests.projitems*{0ff88612-6f5b-4d8e-a78a-38851f038066}*SharedItemsImports = 4
		Core\ApplicationInsights-dotnet\src\Core\Managed\Shared\Shared.projitems*{50368b2b-a526-460e-8ad9-ab2e7951dab2}*SharedItemsImports = 4
		Core\ApplicationInsights-dotnet\Test\CoreSDK.Test\Shared\Core.Shared.Tests.projitems*{ff8678db-8ff0-4507-a793-2ff896fc7ad7}*SharedItemsImports = 4
		Core\ApplicationInsights-dotnet\src\Core\Managed\Shared\Shared.projitems*{c1aaa703-5e32-45c0-a69d-f46d1c659ae4}*SharedItemsImports = 13
		Core\ApplicationInsights-dotnet\Test\CoreSDK.Test\Shared\Core.Shared.Tests.projitems*{c4a0db5b-0988-4e04-b9b8-bcf3b0842000}*SharedItemsImports = 13
		Core\ApplicationInsights-dotnet\src\TelemetryChannels\PersistenceChannel\Shared\Shared.projitems*{48d96f13-d9f7-4db8-a738-e03f82e45bbb}*SharedItemsImports = 4
		Core\ApplicationInsights-dotnet\src\TelemetryChannels\PersistenceChannel\Shared\Shared.projitems*{1efa40a6-a835-4668-a41f-cb2660b93bfc}*SharedItemsImports = 4
	EndGlobalSection
	GlobalSection(SolutionConfigurationPlatforms) = preSolution
		Debug|Any CPU = Debug|Any CPU
		Debug|Mixed Platforms = Debug|Mixed Platforms
		Release|Any CPU = Release|Any CPU
		Release|Mixed Platforms = Release|Mixed Platforms
	EndGlobalSection
	GlobalSection(ProjectConfigurationPlatforms) = postSolution
		{50368B2B-A526-460E-8AD9-AB2E7951DAB2}.Debug|Any CPU.ActiveCfg = Debug|Any CPU
		{50368B2B-A526-460E-8AD9-AB2E7951DAB2}.Debug|Any CPU.Build.0 = Debug|Any CPU
		{50368B2B-A526-460E-8AD9-AB2E7951DAB2}.Debug|Mixed Platforms.ActiveCfg = Debug|Any CPU
		{50368B2B-A526-460E-8AD9-AB2E7951DAB2}.Debug|Mixed Platforms.Build.0 = Debug|Any CPU
		{50368B2B-A526-460E-8AD9-AB2E7951DAB2}.Release|Any CPU.ActiveCfg = Release|Any CPU
		{50368B2B-A526-460E-8AD9-AB2E7951DAB2}.Release|Any CPU.Build.0 = Release|Any CPU
		{50368B2B-A526-460E-8AD9-AB2E7951DAB2}.Release|Mixed Platforms.ActiveCfg = Release|Any CPU
		{50368B2B-A526-460E-8AD9-AB2E7951DAB2}.Release|Mixed Platforms.Build.0 = Release|Any CPU
		{3A820D7A-F63C-460D-B2BD-DDAC9433B4E9}.Debug|Any CPU.ActiveCfg = Debug|Any CPU
		{3A820D7A-F63C-460D-B2BD-DDAC9433B4E9}.Debug|Any CPU.Build.0 = Debug|Any CPU
		{3A820D7A-F63C-460D-B2BD-DDAC9433B4E9}.Debug|Mixed Platforms.ActiveCfg = Debug|Any CPU
		{3A820D7A-F63C-460D-B2BD-DDAC9433B4E9}.Debug|Mixed Platforms.Build.0 = Debug|Any CPU
		{3A820D7A-F63C-460D-B2BD-DDAC9433B4E9}.Release|Any CPU.ActiveCfg = Release|Any CPU
		{3A820D7A-F63C-460D-B2BD-DDAC9433B4E9}.Release|Any CPU.Build.0 = Release|Any CPU
		{3A820D7A-F63C-460D-B2BD-DDAC9433B4E9}.Release|Mixed Platforms.ActiveCfg = Release|Any CPU
		{3A820D7A-F63C-460D-B2BD-DDAC9433B4E9}.Release|Mixed Platforms.Build.0 = Release|Any CPU
		{30717095-904B-47B6-A76B-3D7A21F14E18}.Debug|Any CPU.ActiveCfg = Debug|x86
		{30717095-904B-47B6-A76B-3D7A21F14E18}.Debug|Mixed Platforms.ActiveCfg = Debug|x86
		{30717095-904B-47B6-A76B-3D7A21F14E18}.Debug|Mixed Platforms.Build.0 = Debug|x86
		{30717095-904B-47B6-A76B-3D7A21F14E18}.Debug|Mixed Platforms.Deploy.0 = Debug|x86
		{30717095-904B-47B6-A76B-3D7A21F14E18}.Release|Any CPU.ActiveCfg = Release|x86
		{30717095-904B-47B6-A76B-3D7A21F14E18}.Release|Mixed Platforms.ActiveCfg = Release|x86
		{30717095-904B-47B6-A76B-3D7A21F14E18}.Release|Mixed Platforms.Build.0 = Release|x86
		{30717095-904B-47B6-A76B-3D7A21F14E18}.Release|Mixed Platforms.Deploy.0 = Release|x86
		{6587B432-E16A-4D26-93E1-BF12449FDB32}.Debug|Any CPU.ActiveCfg = Debug|x86
		{6587B432-E16A-4D26-93E1-BF12449FDB32}.Debug|Mixed Platforms.ActiveCfg = Debug|x86
		{6587B432-E16A-4D26-93E1-BF12449FDB32}.Debug|Mixed Platforms.Build.0 = Debug|x86
		{6587B432-E16A-4D26-93E1-BF12449FDB32}.Debug|Mixed Platforms.Deploy.0 = Debug|x86
		{6587B432-E16A-4D26-93E1-BF12449FDB32}.Release|Any CPU.ActiveCfg = Release|x86
		{6587B432-E16A-4D26-93E1-BF12449FDB32}.Release|Mixed Platforms.ActiveCfg = Release|x86
		{6587B432-E16A-4D26-93E1-BF12449FDB32}.Release|Mixed Platforms.Build.0 = Release|x86
		{6587B432-E16A-4D26-93E1-BF12449FDB32}.Release|Mixed Platforms.Deploy.0 = Release|x86
		{B3AD9230-7E7A-4C82-8A7E-F297EEEF8BB8}.Debug|Any CPU.ActiveCfg = Debug|Any CPU
		{B3AD9230-7E7A-4C82-8A7E-F297EEEF8BB8}.Debug|Any CPU.Build.0 = Debug|Any CPU
		{B3AD9230-7E7A-4C82-8A7E-F297EEEF8BB8}.Debug|Mixed Platforms.ActiveCfg = Debug|Any CPU
		{B3AD9230-7E7A-4C82-8A7E-F297EEEF8BB8}.Debug|Mixed Platforms.Build.0 = Debug|Any CPU
		{B3AD9230-7E7A-4C82-8A7E-F297EEEF8BB8}.Release|Any CPU.ActiveCfg = Release|Any CPU
		{B3AD9230-7E7A-4C82-8A7E-F297EEEF8BB8}.Release|Any CPU.Build.0 = Release|Any CPU
		{B3AD9230-7E7A-4C82-8A7E-F297EEEF8BB8}.Release|Mixed Platforms.ActiveCfg = Release|Any CPU
		{B3AD9230-7E7A-4C82-8A7E-F297EEEF8BB8}.Release|Mixed Platforms.Build.0 = Release|Any CPU
		{9F9C3D52-ABB9-461A-B1B6-A01BB5CECD93}.Debug|Any CPU.ActiveCfg = Debug|Any CPU
		{9F9C3D52-ABB9-461A-B1B6-A01BB5CECD93}.Debug|Any CPU.Build.0 = Debug|Any CPU
		{9F9C3D52-ABB9-461A-B1B6-A01BB5CECD93}.Debug|Mixed Platforms.ActiveCfg = Debug|Any CPU
		{9F9C3D52-ABB9-461A-B1B6-A01BB5CECD93}.Debug|Mixed Platforms.Build.0 = Debug|Any CPU
		{9F9C3D52-ABB9-461A-B1B6-A01BB5CECD93}.Release|Any CPU.ActiveCfg = Release|Any CPU
		{9F9C3D52-ABB9-461A-B1B6-A01BB5CECD93}.Release|Any CPU.Build.0 = Release|Any CPU
		{9F9C3D52-ABB9-461A-B1B6-A01BB5CECD93}.Release|Mixed Platforms.ActiveCfg = Release|Any CPU
		{9F9C3D52-ABB9-461A-B1B6-A01BB5CECD93}.Release|Mixed Platforms.Build.0 = Release|Any CPU
		{FF8678DB-8FF0-4507-A793-2FF896FC7AD7}.Debug|Any CPU.ActiveCfg = Debug|Any CPU
		{FF8678DB-8FF0-4507-A793-2FF896FC7AD7}.Debug|Any CPU.Build.0 = Debug|Any CPU
		{FF8678DB-8FF0-4507-A793-2FF896FC7AD7}.Debug|Any CPU.Deploy.0 = Debug|Any CPU
		{FF8678DB-8FF0-4507-A793-2FF896FC7AD7}.Debug|Mixed Platforms.ActiveCfg = Debug|Any CPU
		{FF8678DB-8FF0-4507-A793-2FF896FC7AD7}.Debug|Mixed Platforms.Build.0 = Debug|Any CPU
		{FF8678DB-8FF0-4507-A793-2FF896FC7AD7}.Debug|Mixed Platforms.Deploy.0 = Debug|Any CPU
		{FF8678DB-8FF0-4507-A793-2FF896FC7AD7}.Release|Any CPU.ActiveCfg = Release|Any CPU
		{FF8678DB-8FF0-4507-A793-2FF896FC7AD7}.Release|Any CPU.Build.0 = Release|Any CPU
		{FF8678DB-8FF0-4507-A793-2FF896FC7AD7}.Release|Any CPU.Deploy.0 = Release|Any CPU
		{FF8678DB-8FF0-4507-A793-2FF896FC7AD7}.Release|Mixed Platforms.ActiveCfg = Release|Any CPU
		{FF8678DB-8FF0-4507-A793-2FF896FC7AD7}.Release|Mixed Platforms.Build.0 = Release|Any CPU
		{FF8678DB-8FF0-4507-A793-2FF896FC7AD7}.Release|Mixed Platforms.Deploy.0 = Release|Any CPU
		{AFC48348-7368-47BE-85E6-6707CA42E2E5}.Debug|Any CPU.ActiveCfg = Debug|Any CPU
		{AFC48348-7368-47BE-85E6-6707CA42E2E5}.Debug|Any CPU.Build.0 = Debug|Any CPU
		{AFC48348-7368-47BE-85E6-6707CA42E2E5}.Debug|Mixed Platforms.ActiveCfg = Debug|x86
		{AFC48348-7368-47BE-85E6-6707CA42E2E5}.Debug|Mixed Platforms.Build.0 = Debug|x86
		{AFC48348-7368-47BE-85E6-6707CA42E2E5}.Release|Any CPU.ActiveCfg = Release|Any CPU
		{AFC48348-7368-47BE-85E6-6707CA42E2E5}.Release|Any CPU.Build.0 = Release|Any CPU
		{AFC48348-7368-47BE-85E6-6707CA42E2E5}.Release|Mixed Platforms.ActiveCfg = Release|x86
		{2E1127B9-787B-4427-8D92-1E9EB3A79DE1}.Debug|Any CPU.ActiveCfg = Debug|Any CPU
		{2E1127B9-787B-4427-8D92-1E9EB3A79DE1}.Debug|Any CPU.Build.0 = Debug|Any CPU
		{2E1127B9-787B-4427-8D92-1E9EB3A79DE1}.Debug|Mixed Platforms.ActiveCfg = Debug|Any CPU
		{2E1127B9-787B-4427-8D92-1E9EB3A79DE1}.Debug|Mixed Platforms.Build.0 = Debug|Any CPU
		{2E1127B9-787B-4427-8D92-1E9EB3A79DE1}.Release|Any CPU.ActiveCfg = Release|Any CPU
		{2E1127B9-787B-4427-8D92-1E9EB3A79DE1}.Release|Any CPU.Build.0 = Release|Any CPU
		{2E1127B9-787B-4427-8D92-1E9EB3A79DE1}.Release|Mixed Platforms.ActiveCfg = Release|Any CPU
		{2E1127B9-787B-4427-8D92-1E9EB3A79DE1}.Release|Mixed Platforms.Build.0 = Release|Any CPU
		{0FF88612-6F5B-4D8E-A78A-38851F038066}.Debug|Any CPU.ActiveCfg = Debug|x86
		{0FF88612-6F5B-4D8E-A78A-38851F038066}.Debug|Mixed Platforms.ActiveCfg = Debug|x86
		{0FF88612-6F5B-4D8E-A78A-38851F038066}.Debug|Mixed Platforms.Build.0 = Debug|x86
		{0FF88612-6F5B-4D8E-A78A-38851F038066}.Debug|Mixed Platforms.Deploy.0 = Debug|x86
		{0FF88612-6F5B-4D8E-A78A-38851F038066}.Release|Any CPU.ActiveCfg = Release|x86
		{0FF88612-6F5B-4D8E-A78A-38851F038066}.Release|Mixed Platforms.ActiveCfg = Release|x86
		{0FF88612-6F5B-4D8E-A78A-38851F038066}.Release|Mixed Platforms.Build.0 = Release|x86
		{0FF88612-6F5B-4D8E-A78A-38851F038066}.Release|Mixed Platforms.Deploy.0 = Release|x86
		{DC80A5B2-4643-4C45-8C1E-280B4D57C312}.Debug|Any CPU.ActiveCfg = Debug|x86
		{DC80A5B2-4643-4C45-8C1E-280B4D57C312}.Debug|Mixed Platforms.ActiveCfg = Debug|x86
		{DC80A5B2-4643-4C45-8C1E-280B4D57C312}.Debug|Mixed Platforms.Build.0 = Debug|x86
		{DC80A5B2-4643-4C45-8C1E-280B4D57C312}.Debug|Mixed Platforms.Deploy.0 = Debug|x86
		{DC80A5B2-4643-4C45-8C1E-280B4D57C312}.Release|Any CPU.ActiveCfg = Release|x86
		{DC80A5B2-4643-4C45-8C1E-280B4D57C312}.Release|Mixed Platforms.ActiveCfg = Release|x86
		{DC80A5B2-4643-4C45-8C1E-280B4D57C312}.Release|Mixed Platforms.Build.0 = Release|x86
		{DC80A5B2-4643-4C45-8C1E-280B4D57C312}.Release|Mixed Platforms.Deploy.0 = Release|x86
		{659E6063-E530-4061-A253-4E9D1B8D74AF}.Debug|Any CPU.ActiveCfg = Debug|Any CPU
		{659E6063-E530-4061-A253-4E9D1B8D74AF}.Debug|Any CPU.Build.0 = Debug|Any CPU
		{659E6063-E530-4061-A253-4E9D1B8D74AF}.Debug|Any CPU.Deploy.0 = Debug|Any CPU
		{659E6063-E530-4061-A253-4E9D1B8D74AF}.Debug|Mixed Platforms.ActiveCfg = Debug|Any CPU
		{659E6063-E530-4061-A253-4E9D1B8D74AF}.Debug|Mixed Platforms.Build.0 = Debug|Any CPU
		{659E6063-E530-4061-A253-4E9D1B8D74AF}.Debug|Mixed Platforms.Deploy.0 = Debug|Any CPU
		{659E6063-E530-4061-A253-4E9D1B8D74AF}.Release|Any CPU.ActiveCfg = Release|Any CPU
		{659E6063-E530-4061-A253-4E9D1B8D74AF}.Release|Any CPU.Build.0 = Release|Any CPU
		{659E6063-E530-4061-A253-4E9D1B8D74AF}.Release|Any CPU.Deploy.0 = Release|Any CPU
		{659E6063-E530-4061-A253-4E9D1B8D74AF}.Release|Mixed Platforms.ActiveCfg = Release|Any CPU
		{659E6063-E530-4061-A253-4E9D1B8D74AF}.Release|Mixed Platforms.Build.0 = Release|Any CPU
		{659E6063-E530-4061-A253-4E9D1B8D74AF}.Release|Mixed Platforms.Deploy.0 = Release|Any CPU
		{C6EF75AB-0FF0-4C98-9F01-96E6492C95A1}.Debug|Any CPU.ActiveCfg = Debug|Any CPU
		{C6EF75AB-0FF0-4C98-9F01-96E6492C95A1}.Debug|Any CPU.Build.0 = Debug|Any CPU
		{C6EF75AB-0FF0-4C98-9F01-96E6492C95A1}.Debug|Mixed Platforms.ActiveCfg = Debug|Any CPU
		{C6EF75AB-0FF0-4C98-9F01-96E6492C95A1}.Debug|Mixed Platforms.Build.0 = Debug|Any CPU
		{C6EF75AB-0FF0-4C98-9F01-96E6492C95A1}.Release|Any CPU.ActiveCfg = Release|Any CPU
		{C6EF75AB-0FF0-4C98-9F01-96E6492C95A1}.Release|Any CPU.Build.0 = Release|Any CPU
		{C6EF75AB-0FF0-4C98-9F01-96E6492C95A1}.Release|Mixed Platforms.ActiveCfg = Release|Any CPU
		{C6EF75AB-0FF0-4C98-9F01-96E6492C95A1}.Release|Mixed Platforms.Build.0 = Release|Any CPU
		{27BF043B-B716-44CF-940E-33A106CDE314}.Debug|Any CPU.ActiveCfg = Debug|Any CPU
		{27BF043B-B716-44CF-940E-33A106CDE314}.Debug|Any CPU.Build.0 = Debug|Any CPU
		{27BF043B-B716-44CF-940E-33A106CDE314}.Debug|Mixed Platforms.ActiveCfg = Debug|x86
		{27BF043B-B716-44CF-940E-33A106CDE314}.Debug|Mixed Platforms.Build.0 = Debug|x86
		{27BF043B-B716-44CF-940E-33A106CDE314}.Release|Any CPU.ActiveCfg = Release|Any CPU
		{27BF043B-B716-44CF-940E-33A106CDE314}.Release|Any CPU.Build.0 = Release|Any CPU
		{27BF043B-B716-44CF-940E-33A106CDE314}.Release|Mixed Platforms.ActiveCfg = Release|x86
		{27BF043B-B716-44CF-940E-33A106CDE314}.Release|Mixed Platforms.Build.0 = Release|x86
		{48D96F13-D9F7-4DB8-A738-E03F82E45BBB}.Debug|Any CPU.ActiveCfg = Debug|Any CPU
		{48D96F13-D9F7-4DB8-A738-E03F82E45BBB}.Debug|Any CPU.Build.0 = Debug|Any CPU
		{48D96F13-D9F7-4DB8-A738-E03F82E45BBB}.Debug|Mixed Platforms.ActiveCfg = Debug|Any CPU
		{48D96F13-D9F7-4DB8-A738-E03F82E45BBB}.Debug|Mixed Platforms.Build.0 = Debug|Any CPU
		{48D96F13-D9F7-4DB8-A738-E03F82E45BBB}.Release|Any CPU.ActiveCfg = Release|Any CPU
		{48D96F13-D9F7-4DB8-A738-E03F82E45BBB}.Release|Any CPU.Build.0 = Release|Any CPU
		{48D96F13-D9F7-4DB8-A738-E03F82E45BBB}.Release|Mixed Platforms.ActiveCfg = Release|Any CPU
		{48D96F13-D9F7-4DB8-A738-E03F82E45BBB}.Release|Mixed Platforms.Build.0 = Release|Any CPU
		{643606BA-84A8-483F-A582-49E472B8701E}.Debug|Any CPU.ActiveCfg = Debug|Any CPU
		{643606BA-84A8-483F-A582-49E472B8701E}.Debug|Any CPU.Build.0 = Debug|Any CPU
		{643606BA-84A8-483F-A582-49E472B8701E}.Debug|Mixed Platforms.ActiveCfg = Debug|Any CPU
		{643606BA-84A8-483F-A582-49E472B8701E}.Debug|Mixed Platforms.Build.0 = Debug|Any CPU
		{643606BA-84A8-483F-A582-49E472B8701E}.Release|Any CPU.ActiveCfg = Release|Any CPU
		{643606BA-84A8-483F-A582-49E472B8701E}.Release|Any CPU.Build.0 = Release|Any CPU
		{643606BA-84A8-483F-A582-49E472B8701E}.Release|Mixed Platforms.ActiveCfg = Release|Any CPU
		{643606BA-84A8-483F-A582-49E472B8701E}.Release|Mixed Platforms.Build.0 = Release|Any CPU
		{F1FEF39B-3CED-4985-B7A5-BD4977392228}.Debug|Any CPU.ActiveCfg = Debug|Any CPU
		{F1FEF39B-3CED-4985-B7A5-BD4977392228}.Debug|Any CPU.Build.0 = Debug|Any CPU
		{F1FEF39B-3CED-4985-B7A5-BD4977392228}.Debug|Mixed Platforms.ActiveCfg = Debug|Any CPU
		{F1FEF39B-3CED-4985-B7A5-BD4977392228}.Debug|Mixed Platforms.Build.0 = Debug|Any CPU
		{F1FEF39B-3CED-4985-B7A5-BD4977392228}.Release|Any CPU.ActiveCfg = Release|Any CPU
		{F1FEF39B-3CED-4985-B7A5-BD4977392228}.Release|Any CPU.Build.0 = Release|Any CPU
		{F1FEF39B-3CED-4985-B7A5-BD4977392228}.Release|Mixed Platforms.ActiveCfg = Release|Any CPU
		{F1FEF39B-3CED-4985-B7A5-BD4977392228}.Release|Mixed Platforms.Build.0 = Release|Any CPU
		{265092EA-A2DF-4A30-B361-EDC66DFB9656}.Debug|Any CPU.ActiveCfg = Debug|Any CPU
		{265092EA-A2DF-4A30-B361-EDC66DFB9656}.Debug|Any CPU.Build.0 = Debug|Any CPU
		{265092EA-A2DF-4A30-B361-EDC66DFB9656}.Debug|Mixed Platforms.ActiveCfg = Debug|Any CPU
		{265092EA-A2DF-4A30-B361-EDC66DFB9656}.Debug|Mixed Platforms.Build.0 = Debug|Any CPU
		{265092EA-A2DF-4A30-B361-EDC66DFB9656}.Release|Any CPU.ActiveCfg = Release|Any CPU
		{265092EA-A2DF-4A30-B361-EDC66DFB9656}.Release|Any CPU.Build.0 = Release|Any CPU
		{265092EA-A2DF-4A30-B361-EDC66DFB9656}.Release|Mixed Platforms.ActiveCfg = Release|Any CPU
		{265092EA-A2DF-4A30-B361-EDC66DFB9656}.Release|Mixed Platforms.Build.0 = Release|Any CPU
		{3A24597D-D3CF-4C4C-9330-B5A391A3905B}.Debug|Any CPU.ActiveCfg = Debug|Any CPU
		{3A24597D-D3CF-4C4C-9330-B5A391A3905B}.Debug|Any CPU.Build.0 = Debug|Any CPU
		{3A24597D-D3CF-4C4C-9330-B5A391A3905B}.Debug|Mixed Platforms.ActiveCfg = Debug|Any CPU
		{3A24597D-D3CF-4C4C-9330-B5A391A3905B}.Debug|Mixed Platforms.Build.0 = Debug|Any CPU
		{3A24597D-D3CF-4C4C-9330-B5A391A3905B}.Release|Any CPU.ActiveCfg = Release|Any CPU
		{3A24597D-D3CF-4C4C-9330-B5A391A3905B}.Release|Any CPU.Build.0 = Release|Any CPU
		{3A24597D-D3CF-4C4C-9330-B5A391A3905B}.Release|Mixed Platforms.ActiveCfg = Release|Any CPU
		{3A24597D-D3CF-4C4C-9330-B5A391A3905B}.Release|Mixed Platforms.Build.0 = Release|Any CPU
		{DD8A28B6-572B-4C4F-8F73-3D4A7D4F7F96}.Debug|Any CPU.ActiveCfg = Debug|Any CPU
		{DD8A28B6-572B-4C4F-8F73-3D4A7D4F7F96}.Debug|Any CPU.Build.0 = Debug|Any CPU
		{DD8A28B6-572B-4C4F-8F73-3D4A7D4F7F96}.Debug|Mixed Platforms.ActiveCfg = Debug|Any CPU
		{DD8A28B6-572B-4C4F-8F73-3D4A7D4F7F96}.Debug|Mixed Platforms.Build.0 = Debug|Any CPU
		{DD8A28B6-572B-4C4F-8F73-3D4A7D4F7F96}.Release|Any CPU.ActiveCfg = Release|Any CPU
		{DD8A28B6-572B-4C4F-8F73-3D4A7D4F7F96}.Release|Any CPU.Build.0 = Release|Any CPU
		{DD8A28B6-572B-4C4F-8F73-3D4A7D4F7F96}.Release|Mixed Platforms.ActiveCfg = Release|Any CPU
		{DD8A28B6-572B-4C4F-8F73-3D4A7D4F7F96}.Release|Mixed Platforms.Build.0 = Release|Any CPU
		{15C4A313-6BB0-4606-A05C-8487631CE5E4}.Debug|Any CPU.ActiveCfg = Debug|Any CPU
		{15C4A313-6BB0-4606-A05C-8487631CE5E4}.Debug|Any CPU.Build.0 = Debug|Any CPU
		{15C4A313-6BB0-4606-A05C-8487631CE5E4}.Debug|Mixed Platforms.ActiveCfg = Debug|x86
		{15C4A313-6BB0-4606-A05C-8487631CE5E4}.Debug|Mixed Platforms.Build.0 = Debug|x86
		{15C4A313-6BB0-4606-A05C-8487631CE5E4}.Release|Any CPU.ActiveCfg = Release|Any CPU
		{15C4A313-6BB0-4606-A05C-8487631CE5E4}.Release|Any CPU.Build.0 = Release|Any CPU
		{15C4A313-6BB0-4606-A05C-8487631CE5E4}.Release|Mixed Platforms.ActiveCfg = Release|x86
		{15C4A313-6BB0-4606-A05C-8487631CE5E4}.Release|Mixed Platforms.Build.0 = Release|x86
		{621893EB-F854-4777-8CFD-9032E6FF740C}.Debug|Any CPU.ActiveCfg = Debug|Any CPU
		{621893EB-F854-4777-8CFD-9032E6FF740C}.Debug|Any CPU.Build.0 = Debug|Any CPU
		{621893EB-F854-4777-8CFD-9032E6FF740C}.Debug|Mixed Platforms.ActiveCfg = Debug|x86
		{621893EB-F854-4777-8CFD-9032E6FF740C}.Debug|Mixed Platforms.Build.0 = Debug|x86
		{621893EB-F854-4777-8CFD-9032E6FF740C}.Release|Any CPU.ActiveCfg = Release|Any CPU
		{621893EB-F854-4777-8CFD-9032E6FF740C}.Release|Any CPU.Build.0 = Release|Any CPU
		{621893EB-F854-4777-8CFD-9032E6FF740C}.Release|Mixed Platforms.ActiveCfg = Release|x86
		{621893EB-F854-4777-8CFD-9032E6FF740C}.Release|Mixed Platforms.Build.0 = Release|x86
		{BAA9D141-F91A-4C85-B6E6-64FF66D63ED1}.Debug|Any CPU.ActiveCfg = Debug|Any CPU
		{BAA9D141-F91A-4C85-B6E6-64FF66D63ED1}.Debug|Any CPU.Build.0 = Debug|Any CPU
		{BAA9D141-F91A-4C85-B6E6-64FF66D63ED1}.Debug|Mixed Platforms.ActiveCfg = Debug|Any CPU
		{BAA9D141-F91A-4C85-B6E6-64FF66D63ED1}.Debug|Mixed Platforms.Build.0 = Debug|Any CPU
		{BAA9D141-F91A-4C85-B6E6-64FF66D63ED1}.Release|Any CPU.ActiveCfg = Release|Any CPU
		{BAA9D141-F91A-4C85-B6E6-64FF66D63ED1}.Release|Any CPU.Build.0 = Release|Any CPU
		{BAA9D141-F91A-4C85-B6E6-64FF66D63ED1}.Release|Mixed Platforms.ActiveCfg = Release|Any CPU
		{BAA9D141-F91A-4C85-B6E6-64FF66D63ED1}.Release|Mixed Platforms.Build.0 = Release|Any CPU
		{C9612531-2077-4662-B8A4-092E06D5069B}.Debug|Any CPU.ActiveCfg = Debug|Any CPU
		{C9612531-2077-4662-B8A4-092E06D5069B}.Debug|Any CPU.Build.0 = Debug|Any CPU
		{C9612531-2077-4662-B8A4-092E06D5069B}.Debug|Mixed Platforms.ActiveCfg = Debug|Any CPU
		{C9612531-2077-4662-B8A4-092E06D5069B}.Debug|Mixed Platforms.Build.0 = Debug|Any CPU
		{C9612531-2077-4662-B8A4-092E06D5069B}.Release|Any CPU.ActiveCfg = Release|Any CPU
		{C9612531-2077-4662-B8A4-092E06D5069B}.Release|Any CPU.Build.0 = Release|Any CPU
		{C9612531-2077-4662-B8A4-092E06D5069B}.Release|Mixed Platforms.ActiveCfg = Release|Any CPU
		{C9612531-2077-4662-B8A4-092E06D5069B}.Release|Mixed Platforms.Build.0 = Release|Any CPU
		{CD752CD2-6711-4AD7-B5C8-F8C23CF076B1}.Debug|Any CPU.ActiveCfg = Debug|Any CPU
		{CD752CD2-6711-4AD7-B5C8-F8C23CF076B1}.Debug|Any CPU.Build.0 = Debug|Any CPU
		{CD752CD2-6711-4AD7-B5C8-F8C23CF076B1}.Debug|Mixed Platforms.ActiveCfg = Debug|Any CPU
		{CD752CD2-6711-4AD7-B5C8-F8C23CF076B1}.Debug|Mixed Platforms.Build.0 = Debug|Any CPU
		{CD752CD2-6711-4AD7-B5C8-F8C23CF076B1}.Release|Any CPU.ActiveCfg = Release|Any CPU
		{CD752CD2-6711-4AD7-B5C8-F8C23CF076B1}.Release|Any CPU.Build.0 = Release|Any CPU
		{CD752CD2-6711-4AD7-B5C8-F8C23CF076B1}.Release|Mixed Platforms.ActiveCfg = Release|Any CPU
		{CD752CD2-6711-4AD7-B5C8-F8C23CF076B1}.Release|Mixed Platforms.Build.0 = Release|Any CPU
		{412659CA-49B0-4834-BFBF-8183055083C8}.Debug|Any CPU.ActiveCfg = Debug|Any CPU
		{412659CA-49B0-4834-BFBF-8183055083C8}.Debug|Any CPU.Build.0 = Debug|Any CPU
		{412659CA-49B0-4834-BFBF-8183055083C8}.Debug|Mixed Platforms.ActiveCfg = Debug|Any CPU
		{412659CA-49B0-4834-BFBF-8183055083C8}.Debug|Mixed Platforms.Build.0 = Debug|Any CPU
		{412659CA-49B0-4834-BFBF-8183055083C8}.Release|Any CPU.ActiveCfg = Release|Any CPU
		{412659CA-49B0-4834-BFBF-8183055083C8}.Release|Any CPU.Build.0 = Release|Any CPU
		{412659CA-49B0-4834-BFBF-8183055083C8}.Release|Mixed Platforms.ActiveCfg = Release|Any CPU
		{412659CA-49B0-4834-BFBF-8183055083C8}.Release|Mixed Platforms.Build.0 = Release|Any CPU
		{D076FB25-D286-48F5-80C9-F55FFA576B77}.Debug|Any CPU.ActiveCfg = Debug|Any CPU
		{D076FB25-D286-48F5-80C9-F55FFA576B77}.Debug|Any CPU.Build.0 = Debug|Any CPU
		{D076FB25-D286-48F5-80C9-F55FFA576B77}.Debug|Mixed Platforms.ActiveCfg = Debug|Any CPU
		{D076FB25-D286-48F5-80C9-F55FFA576B77}.Debug|Mixed Platforms.Build.0 = Debug|Any CPU
		{D076FB25-D286-48F5-80C9-F55FFA576B77}.Release|Any CPU.ActiveCfg = Release|Any CPU
		{D076FB25-D286-48F5-80C9-F55FFA576B77}.Release|Any CPU.Build.0 = Release|Any CPU
		{D076FB25-D286-48F5-80C9-F55FFA576B77}.Release|Mixed Platforms.ActiveCfg = Release|Any CPU
		{D076FB25-D286-48F5-80C9-F55FFA576B77}.Release|Mixed Platforms.Build.0 = Release|Any CPU
		{1EFA40A6-A835-4668-A41F-CB2660B93BFC}.Debug|Any CPU.ActiveCfg = Debug|Any CPU
		{1EFA40A6-A835-4668-A41F-CB2660B93BFC}.Debug|Any CPU.Build.0 = Debug|Any CPU
		{1EFA40A6-A835-4668-A41F-CB2660B93BFC}.Debug|Mixed Platforms.ActiveCfg = Debug|Any CPU
		{1EFA40A6-A835-4668-A41F-CB2660B93BFC}.Debug|Mixed Platforms.Build.0 = Debug|Any CPU
		{1EFA40A6-A835-4668-A41F-CB2660B93BFC}.Release|Any CPU.ActiveCfg = Release|Any CPU
		{1EFA40A6-A835-4668-A41F-CB2660B93BFC}.Release|Any CPU.Build.0 = Release|Any CPU
		{1EFA40A6-A835-4668-A41F-CB2660B93BFC}.Release|Mixed Platforms.ActiveCfg = Release|Any CPU
		{1EFA40A6-A835-4668-A41F-CB2660B93BFC}.Release|Mixed Platforms.Build.0 = Release|Any CPU
		{DFC9EC7C-8BEF-4FD3-ACEC-9128A9BDE53C}.Debug|Any CPU.ActiveCfg = Debug|Any CPU
		{DFC9EC7C-8BEF-4FD3-ACEC-9128A9BDE53C}.Debug|Any CPU.Build.0 = Debug|Any CPU
		{DFC9EC7C-8BEF-4FD3-ACEC-9128A9BDE53C}.Debug|Mixed Platforms.ActiveCfg = Debug|Any CPU
		{DFC9EC7C-8BEF-4FD3-ACEC-9128A9BDE53C}.Debug|Mixed Platforms.Build.0 = Debug|Any CPU
		{DFC9EC7C-8BEF-4FD3-ACEC-9128A9BDE53C}.Release|Any CPU.ActiveCfg = Release|Any CPU
		{DFC9EC7C-8BEF-4FD3-ACEC-9128A9BDE53C}.Release|Any CPU.Build.0 = Release|Any CPU
		{DFC9EC7C-8BEF-4FD3-ACEC-9128A9BDE53C}.Release|Mixed Platforms.ActiveCfg = Release|Any CPU
		{DFC9EC7C-8BEF-4FD3-ACEC-9128A9BDE53C}.Release|Mixed Platforms.Build.0 = Release|Any CPU
		{C6EF75AB-0FF0-4C98-9F01-96E6492C95A2}.Debug|Any CPU.ActiveCfg = Debug|Any CPU
		{C6EF75AB-0FF0-4C98-9F01-96E6492C95A2}.Debug|Any CPU.Build.0 = Debug|Any CPU
		{C6EF75AB-0FF0-4C98-9F01-96E6492C95A2}.Debug|Mixed Platforms.ActiveCfg = Debug|Any CPU
		{C6EF75AB-0FF0-4C98-9F01-96E6492C95A2}.Debug|Mixed Platforms.Build.0 = Debug|Any CPU
		{C6EF75AB-0FF0-4C98-9F01-96E6492C95A2}.Release|Any CPU.ActiveCfg = Release|Any CPU
		{C6EF75AB-0FF0-4C98-9F01-96E6492C95A2}.Release|Any CPU.Build.0 = Release|Any CPU
		{C6EF75AB-0FF0-4C98-9F01-96E6492C95A2}.Release|Mixed Platforms.ActiveCfg = Release|Any CPU
		{C6EF75AB-0FF0-4C98-9F01-96E6492C95A2}.Release|Mixed Platforms.Build.0 = Release|Any CPU
		{9A331B4F-B619-48D6-8598-0CDBDBEBA629}.Debug|Any CPU.ActiveCfg = Debug|Any CPU
		{9A331B4F-B619-48D6-8598-0CDBDBEBA629}.Debug|Any CPU.Build.0 = Debug|Any CPU
		{9A331B4F-B619-48D6-8598-0CDBDBEBA629}.Debug|Mixed Platforms.ActiveCfg = Debug|Any CPU
		{9A331B4F-B619-48D6-8598-0CDBDBEBA629}.Debug|Mixed Platforms.Build.0 = Debug|Any CPU
		{9A331B4F-B619-48D6-8598-0CDBDBEBA629}.Release|Any CPU.ActiveCfg = Release|Any CPU
		{9A331B4F-B619-48D6-8598-0CDBDBEBA629}.Release|Any CPU.Build.0 = Release|Any CPU
		{9A331B4F-B619-48D6-8598-0CDBDBEBA629}.Release|Mixed Platforms.ActiveCfg = Release|Any CPU
		{9A331B4F-B619-48D6-8598-0CDBDBEBA629}.Release|Mixed Platforms.Build.0 = Release|Any CPU
		{D90076F7-CC99-4C68-BDF6-F6585F3B41A5}.Debug|Any CPU.ActiveCfg = Debug|Any CPU
		{D90076F7-CC99-4C68-BDF6-F6585F3B41A5}.Debug|Any CPU.Build.0 = Debug|Any CPU
		{D90076F7-CC99-4C68-BDF6-F6585F3B41A5}.Debug|Mixed Platforms.ActiveCfg = Debug|Any CPU
		{D90076F7-CC99-4C68-BDF6-F6585F3B41A5}.Debug|Mixed Platforms.Build.0 = Debug|Any CPU
		{D90076F7-CC99-4C68-BDF6-F6585F3B41A5}.Release|Any CPU.ActiveCfg = Release|Any CPU
		{D90076F7-CC99-4C68-BDF6-F6585F3B41A5}.Release|Any CPU.Build.0 = Release|Any CPU
		{D90076F7-CC99-4C68-BDF6-F6585F3B41A5}.Release|Mixed Platforms.ActiveCfg = Release|Any CPU
		{D90076F7-CC99-4C68-BDF6-F6585F3B41A5}.Release|Mixed Platforms.Build.0 = Release|Any CPU
	EndGlobalSection
	GlobalSection(SolutionProperties) = preSolution
		HideSolutionNode = FALSE
	EndGlobalSection
	GlobalSection(NestedProjects) = preSolution
		{50368B2B-A526-460E-8AD9-AB2E7951DAB2} = {68CC2924-E162-44BE-8D7A-DBA385365585}
		{3A820D7A-F63C-460D-B2BD-DDAC9433B4E9} = {68CC2924-E162-44BE-8D7A-DBA385365585}
		{C1AAA703-5E32-45C0-A69D-F46D1C659AE4} = {68CC2924-E162-44BE-8D7A-DBA385365585}
		{C4A0DB5B-0988-4E04-B9B8-BCF3B0842000} = {C2FEEDE5-8CAE-41A4-8932-42D284A86EA7}
		{30717095-904B-47B6-A76B-3D7A21F14E18} = {C2FEEDE5-8CAE-41A4-8932-42D284A86EA7}
		{6587B432-E16A-4D26-93E1-BF12449FDB32} = {C2FEEDE5-8CAE-41A4-8932-42D284A86EA7}
		{B3AD9230-7E7A-4C82-8A7E-F297EEEF8BB8} = {BED5EB47-4AB1-4387-98B6-83CC327D6D16}
		{9F9C3D52-ABB9-461A-B1B6-A01BB5CECD93} = {BED5EB47-4AB1-4387-98B6-83CC327D6D16}
		{F76C6CBD-29B0-4564-BDCB-C969F8FEC136} = {BED5EB47-4AB1-4387-98B6-83CC327D6D16}
		{FF8678DB-8FF0-4507-A793-2FF896FC7AD7} = {C2FEEDE5-8CAE-41A4-8932-42D284A86EA7}
		{AFC48348-7368-47BE-85E6-6707CA42E2E5} = {1EACB95F-662D-43A1-8758-0A69B1BD91A6}
		{2E1127B9-787B-4427-8D92-1E9EB3A79DE1} = {1EACB95F-662D-43A1-8758-0A69B1BD91A6}
		{0A20699D-4E6B-4FCE-ABFD-84EB230255F3} = {1EACB95F-662D-43A1-8758-0A69B1BD91A6}
		{0FF88612-6F5B-4D8E-A78A-38851F038066} = {C89C77E0-9544-4532-AE26-198D2081A2B7}
		{DC80A5B2-4643-4C45-8C1E-280B4D57C312} = {C89C77E0-9544-4532-AE26-198D2081A2B7}
		{659E6063-E530-4061-A253-4E9D1B8D74AF} = {C89C77E0-9544-4532-AE26-198D2081A2B7}
		{736292E3-1081-4DA6-9A0C-9FCFD54413B0} = {C89C77E0-9544-4532-AE26-198D2081A2B7}
		{C6EF75AB-0FF0-4C98-9F01-96E6492C95A1} = {5116D6F6-6065-48C7-BE05-71EED997F2F9}
		{3F212C88-4C51-4B4D-8E8D-7512B791E4BF} = {A2B4271C-9FB7-4D61-8181-0DC843954531}
		{27BF043B-B716-44CF-940E-33A106CDE314} = {A2B4271C-9FB7-4D61-8181-0DC843954531}
		{48D96F13-D9F7-4DB8-A738-E03F82E45BBB} = {A2B4271C-9FB7-4D61-8181-0DC843954531}
		{643606BA-84A8-483F-A582-49E472B8701E} = {8D7A956E-504A-4832-9ADE-CC7BC38CDC3A}
		{F1FEF39B-3CED-4985-B7A5-BD4977392228} = {8D7A956E-504A-4832-9ADE-CC7BC38CDC3A}
		{265092EA-A2DF-4A30-B361-EDC66DFB9656} = {8D7A956E-504A-4832-9ADE-CC7BC38CDC3A}
		{3A24597D-D3CF-4C4C-9330-B5A391A3905B} = {8D7A956E-504A-4832-9ADE-CC7BC38CDC3A}
		{DD8A28B6-572B-4C4F-8F73-3D4A7D4F7F96} = {8D7A956E-504A-4832-9ADE-CC7BC38CDC3A}
		{15C4A313-6BB0-4606-A05C-8487631CE5E4} = {8D7A956E-504A-4832-9ADE-CC7BC38CDC3A}
		{621893EB-F854-4777-8CFD-9032E6FF740C} = {8D7A956E-504A-4832-9ADE-CC7BC38CDC3A}
		{BAA9D141-F91A-4C85-B6E6-64FF66D63ED1} = {8D7A956E-504A-4832-9ADE-CC7BC38CDC3A}
		{C9612531-2077-4662-B8A4-092E06D5069B} = {8D7A956E-504A-4832-9ADE-CC7BC38CDC3A}
		{CD752CD2-6711-4AD7-B5C8-F8C23CF076B1} = {68CC2924-E162-44BE-8D7A-DBA385365585}
		{412659CA-49B0-4834-BFBF-8183055083C8} = {68CC2924-E162-44BE-8D7A-DBA385365585}
		{D076FB25-D286-48F5-80C9-F55FFA576B77} = {68CC2924-E162-44BE-8D7A-DBA385365585}
		{1EFA40A6-A835-4668-A41F-CB2660B93BFC} = {A2B4271C-9FB7-4D61-8181-0DC843954531}
		{DFC9EC7C-8BEF-4FD3-ACEC-9128A9BDE53C} = {A2B4271C-9FB7-4D61-8181-0DC843954531}
		{C6EF75AB-0FF0-4C98-9F01-96E6492C95A2} = {5116D6F6-6065-48C7-BE05-71EED997F2F9}
		{9A331B4F-B619-48D6-8598-0CDBDBEBA629} = {5116D6F6-6065-48C7-BE05-71EED997F2F9}
		{D90076F7-CC99-4C68-BDF6-F6585F3B41A5} = {5116D6F6-6065-48C7-BE05-71EED997F2F9}
	EndGlobalSection
EndGlobal
