
Microsoft Visual Studio Solution File, Format Version 12.00
# Visual Studio 14
VisualStudioVersion = 14.0.25420.1
MinimumVisualStudioVersion = 10.0.40219.1
Project("{2150E333-8FDC-42A3-9474-1A3956D46DE8}") = "NuGet", "NuGet", "{5116D6F6-6065-48C7-BE05-71EED997F2F9}"
EndProject
Project("{FAE04EC0-301F-11D3-BF4B-00C04F79EFBC}") = "Kit.Win81", "Src\Kit.Win81\Kit.Win81.csproj", "{F1FEF39B-3CED-4985-B7A5-BD4977392228}"
EndProject
Project("{FAE04EC0-301F-11D3-BF4B-00C04F79EFBC}") = "Kit.WP81", "Src\Kit.WP81\Kit.WP81.csproj", "{3A24597D-D3CF-4C4C-9330-B5A391A3905B}"
EndProject
Project("{FAE04EC0-301F-11D3-BF4B-00C04F79EFBC}") = "Kit.WPF45", "Src\Kit.WPF45\Kit.WPF45.csproj", "{C9612531-2077-4662-B8A4-092E06D5069B}"
EndProject
Project("{FAE04EC0-301F-11D3-BF4B-00C04F79EFBC}") = "HockeySDK.Core.NuGet", "src\NuGet\HockeySDK.Core\HockeySDK.Core.NuGet.csproj", "{C6EF75AB-0FF0-4C98-9F01-96E6492C95A2}"
	ProjectSection(ProjectDependencies) = postProject
		{14123A8E-6D6B-4362-B001-35B8C2505EED} = {14123A8E-6D6B-4362-B001-35B8C2505EED}
	EndProjectSection
EndProject
Project("{FAE04EC0-301F-11D3-BF4B-00C04F79EFBC}") = "HockeySDK.WinForms.NuGet", "src\NuGet\HockeySDK.WinForms\HockeySDK.WinForms.NuGet.csproj", "{9A331B4F-B619-48D6-8598-0CDBDBEBA629}"
	ProjectSection(ProjectDependencies) = postProject
		{C9612531-2077-4662-B8A4-092E06D5069B} = {C9612531-2077-4662-B8A4-092E06D5069B}
		{14123A8E-6D6B-4362-B001-35B8C2505EED} = {14123A8E-6D6B-4362-B001-35B8C2505EED}
	EndProjectSection
EndProject
Project("{FAE04EC0-301F-11D3-BF4B-00C04F79EFBC}") = "HockeySDK.WINRT.NuGet", "src\NuGet\HockeySDK.WINRT\HockeySDK.WINRT.NuGet.csproj", "{BBA0FB1C-9C69-4773-8A43-7B2A522593E6}"
	ProjectSection(ProjectDependencies) = postProject
		{D076FB25-D286-48F5-80C9-F55FFA576B77} = {D076FB25-D286-48F5-80C9-F55FFA576B77}
		{3A24597D-D3CF-4C4C-9330-B5A391A3905B} = {3A24597D-D3CF-4C4C-9330-B5A391A3905B}
		{14123A8E-6D6B-4362-B001-35B8C2505EED} = {14123A8E-6D6B-4362-B001-35B8C2505EED}
		{F1FEF39B-3CED-4985-B7A5-BD4977392228} = {F1FEF39B-3CED-4985-B7A5-BD4977392228}
	EndProjectSection
EndProject
Project("{FAE04EC0-301F-11D3-BF4B-00C04F79EFBC}") = "HockeySDK.WPF.NuGet", "src\NuGet\HockeySDK.WPF\HockeySDK.WPF.NuGet.csproj", "{AC97D2F7-7D94-4153-9A4C-4E53A69E838B}"
	ProjectSection(ProjectDependencies) = postProject
		{C9612531-2077-4662-B8A4-092E06D5069B} = {C9612531-2077-4662-B8A4-092E06D5069B}
		{14123A8E-6D6B-4362-B001-35B8C2505EED} = {14123A8E-6D6B-4362-B001-35B8C2505EED}
	EndProjectSection
EndProject
Project("{FAE04EC0-301F-11D3-BF4B-00C04F79EFBC}") = "Kit.UWP", "Src\Kit.UWP\Kit.UWP.csproj", "{D076FB25-D286-48F5-80C9-F55FFA576B77}"
EndProject
Project("{FAE04EC0-301F-11D3-BF4B-00C04F79EFBC}") = "Kit.UWP.Tests", "Src\Kit.UWP.Tests\Kit.UWP.Tests.csproj", "{FD553E7C-C90D-4112-8D90-5B0078B03336}"
EndProject
Project("{FAE04EC0-301F-11D3-BF4B-00C04F79EFBC}") = "HockeySDK.UWP.NuGet", "Src\NuGet\HockeySDK.UWP\HockeySDK.UWP.NuGet.csproj", "{EAEE6A70-5CEA-41F4-B43A-94E088F5254C}"
	ProjectSection(ProjectDependencies) = postProject
		{D076FB25-D286-48F5-80C9-F55FFA576B77} = {D076FB25-D286-48F5-80C9-F55FFA576B77}
		{14123A8E-6D6B-4362-B001-35B8C2505EED} = {14123A8E-6D6B-4362-B001-35B8C2505EED}
	EndProjectSection
EndProject
Project("{FAE04EC0-301F-11D3-BF4B-00C04F79EFBC}") = "Kit.WinForms45", "Src\Kit.WinForms45\Kit.WinForms45.csproj", "{265092EA-A2DF-4A30-B361-EDC66DFB9656}"
EndProject
Project("{FAE04EC0-301F-11D3-BF4B-00C04F79EFBC}") = "Kit.Core45", "Src\Kit.Core45\Kit.Core45.csproj", "{14123A8E-6D6B-4362-B001-35B8C2505EED}"
EndProject
Project("{FAE04EC0-301F-11D3-BF4B-00C04F79EFBC}") = "Kit.WP8", "Src\Kit.WP8\Kit.WP8.csproj", "{621893EB-F854-4777-8CFD-9032E6FF740C}"
EndProject
Project("{FAE04EC0-301F-11D3-BF4B-00C04F79EFBC}") = "HockeySDK.WP.NuGet", "Src\NuGet\HockeySDK.WP\HockeySDK.WP.NuGet.csproj", "{D90076F7-CC99-4C68-BDF6-F6585F3B41A5}"
	ProjectSection(ProjectDependencies) = postProject
		{14123A8E-6D6B-4362-B001-35B8C2505EED} = {14123A8E-6D6B-4362-B001-35B8C2505EED}
		{621893EB-F854-4777-8CFD-9032E6FF740C} = {621893EB-F854-4777-8CFD-9032E6FF740C}
	EndProjectSection
EndProject
Project("{FAE04EC0-301F-11D3-BF4B-00C04F79EFBC}") = "Kit.Core45.Tests", "Kit.Core45.Tests\Kit.Core45.Tests.csproj", "{B783C49C-FD04-49DA-BD5D-8D11AC9C20C3}"
EndProject
Global
	GlobalSection(SolutionConfigurationPlatforms) = preSolution
		Debug|Any CPU = Debug|Any CPU
		Debug|ARM = Debug|ARM
		Debug|Mixed Platforms = Debug|Mixed Platforms
		Debug|x64 = Debug|x64
		Debug|x86 = Debug|x86
		Release|Any CPU = Release|Any CPU
		Release|ARM = Release|ARM
		Release|Mixed Platforms = Release|Mixed Platforms
		Release|x64 = Release|x64
		Release|x86 = Release|x86
	EndGlobalSection
	GlobalSection(ProjectConfigurationPlatforms) = postSolution
		{F1FEF39B-3CED-4985-B7A5-BD4977392228}.Debug|Any CPU.ActiveCfg = Debug|Any CPU
		{F1FEF39B-3CED-4985-B7A5-BD4977392228}.Debug|Any CPU.Build.0 = Debug|Any CPU
		{F1FEF39B-3CED-4985-B7A5-BD4977392228}.Debug|ARM.ActiveCfg = Debug|Any CPU
		{F1FEF39B-3CED-4985-B7A5-BD4977392228}.Debug|ARM.Build.0 = Debug|Any CPU
		{F1FEF39B-3CED-4985-B7A5-BD4977392228}.Debug|Mixed Platforms.ActiveCfg = Debug|Any CPU
		{F1FEF39B-3CED-4985-B7A5-BD4977392228}.Debug|Mixed Platforms.Build.0 = Debug|Any CPU
		{F1FEF39B-3CED-4985-B7A5-BD4977392228}.Debug|x64.ActiveCfg = Debug|Any CPU
		{F1FEF39B-3CED-4985-B7A5-BD4977392228}.Debug|x64.Build.0 = Debug|Any CPU
		{F1FEF39B-3CED-4985-B7A5-BD4977392228}.Debug|x86.ActiveCfg = Debug|Any CPU
		{F1FEF39B-3CED-4985-B7A5-BD4977392228}.Debug|x86.Build.0 = Debug|Any CPU
		{F1FEF39B-3CED-4985-B7A5-BD4977392228}.Release|Any CPU.ActiveCfg = Release|Any CPU
		{F1FEF39B-3CED-4985-B7A5-BD4977392228}.Release|Any CPU.Build.0 = Release|Any CPU
		{F1FEF39B-3CED-4985-B7A5-BD4977392228}.Release|ARM.ActiveCfg = Release|Any CPU
		{F1FEF39B-3CED-4985-B7A5-BD4977392228}.Release|ARM.Build.0 = Release|Any CPU
		{F1FEF39B-3CED-4985-B7A5-BD4977392228}.Release|Mixed Platforms.ActiveCfg = Release|Any CPU
		{F1FEF39B-3CED-4985-B7A5-BD4977392228}.Release|Mixed Platforms.Build.0 = Release|Any CPU
		{F1FEF39B-3CED-4985-B7A5-BD4977392228}.Release|x64.ActiveCfg = Release|Any CPU
		{F1FEF39B-3CED-4985-B7A5-BD4977392228}.Release|x64.Build.0 = Release|Any CPU
		{F1FEF39B-3CED-4985-B7A5-BD4977392228}.Release|x86.ActiveCfg = Release|Any CPU
		{F1FEF39B-3CED-4985-B7A5-BD4977392228}.Release|x86.Build.0 = Release|Any CPU
		{3A24597D-D3CF-4C4C-9330-B5A391A3905B}.Debug|Any CPU.ActiveCfg = Debug|Any CPU
		{3A24597D-D3CF-4C4C-9330-B5A391A3905B}.Debug|Any CPU.Build.0 = Debug|Any CPU
		{3A24597D-D3CF-4C4C-9330-B5A391A3905B}.Debug|ARM.ActiveCfg = Debug|Any CPU
		{3A24597D-D3CF-4C4C-9330-B5A391A3905B}.Debug|ARM.Build.0 = Debug|Any CPU
		{3A24597D-D3CF-4C4C-9330-B5A391A3905B}.Debug|Mixed Platforms.ActiveCfg = Debug|Any CPU
		{3A24597D-D3CF-4C4C-9330-B5A391A3905B}.Debug|Mixed Platforms.Build.0 = Debug|Any CPU
		{3A24597D-D3CF-4C4C-9330-B5A391A3905B}.Debug|x64.ActiveCfg = Debug|Any CPU
		{3A24597D-D3CF-4C4C-9330-B5A391A3905B}.Debug|x64.Build.0 = Debug|Any CPU
		{3A24597D-D3CF-4C4C-9330-B5A391A3905B}.Debug|x86.ActiveCfg = Debug|Any CPU
		{3A24597D-D3CF-4C4C-9330-B5A391A3905B}.Debug|x86.Build.0 = Debug|Any CPU
		{3A24597D-D3CF-4C4C-9330-B5A391A3905B}.Release|Any CPU.ActiveCfg = Release|Any CPU
		{3A24597D-D3CF-4C4C-9330-B5A391A3905B}.Release|Any CPU.Build.0 = Release|Any CPU
		{3A24597D-D3CF-4C4C-9330-B5A391A3905B}.Release|ARM.ActiveCfg = Release|Any CPU
		{3A24597D-D3CF-4C4C-9330-B5A391A3905B}.Release|ARM.Build.0 = Release|Any CPU
		{3A24597D-D3CF-4C4C-9330-B5A391A3905B}.Release|Mixed Platforms.ActiveCfg = Release|Any CPU
		{3A24597D-D3CF-4C4C-9330-B5A391A3905B}.Release|Mixed Platforms.Build.0 = Release|Any CPU
		{3A24597D-D3CF-4C4C-9330-B5A391A3905B}.Release|x64.ActiveCfg = Release|Any CPU
		{3A24597D-D3CF-4C4C-9330-B5A391A3905B}.Release|x64.Build.0 = Release|Any CPU
		{3A24597D-D3CF-4C4C-9330-B5A391A3905B}.Release|x86.ActiveCfg = Release|Any CPU
		{3A24597D-D3CF-4C4C-9330-B5A391A3905B}.Release|x86.Build.0 = Release|Any CPU
		{C9612531-2077-4662-B8A4-092E06D5069B}.Debug|Any CPU.ActiveCfg = Debug|Any CPU
		{C9612531-2077-4662-B8A4-092E06D5069B}.Debug|Any CPU.Build.0 = Debug|Any CPU
		{C9612531-2077-4662-B8A4-092E06D5069B}.Debug|ARM.ActiveCfg = Debug|Any CPU
		{C9612531-2077-4662-B8A4-092E06D5069B}.Debug|ARM.Build.0 = Debug|Any CPU
		{C9612531-2077-4662-B8A4-092E06D5069B}.Debug|Mixed Platforms.ActiveCfg = Debug|Any CPU
		{C9612531-2077-4662-B8A4-092E06D5069B}.Debug|Mixed Platforms.Build.0 = Debug|Any CPU
		{C9612531-2077-4662-B8A4-092E06D5069B}.Debug|x64.ActiveCfg = Debug|Any CPU
		{C9612531-2077-4662-B8A4-092E06D5069B}.Debug|x64.Build.0 = Debug|Any CPU
		{C9612531-2077-4662-B8A4-092E06D5069B}.Debug|x86.ActiveCfg = Debug|Any CPU
		{C9612531-2077-4662-B8A4-092E06D5069B}.Debug|x86.Build.0 = Debug|Any CPU
		{C9612531-2077-4662-B8A4-092E06D5069B}.Release|Any CPU.ActiveCfg = Release|Any CPU
		{C9612531-2077-4662-B8A4-092E06D5069B}.Release|Any CPU.Build.0 = Release|Any CPU
		{C9612531-2077-4662-B8A4-092E06D5069B}.Release|ARM.ActiveCfg = Release|Any CPU
		{C9612531-2077-4662-B8A4-092E06D5069B}.Release|ARM.Build.0 = Release|Any CPU
		{C9612531-2077-4662-B8A4-092E06D5069B}.Release|Mixed Platforms.ActiveCfg = Release|Any CPU
		{C9612531-2077-4662-B8A4-092E06D5069B}.Release|Mixed Platforms.Build.0 = Release|Any CPU
		{C9612531-2077-4662-B8A4-092E06D5069B}.Release|x64.ActiveCfg = Release|Any CPU
		{C9612531-2077-4662-B8A4-092E06D5069B}.Release|x64.Build.0 = Release|Any CPU
		{C9612531-2077-4662-B8A4-092E06D5069B}.Release|x86.ActiveCfg = Release|Any CPU
		{C9612531-2077-4662-B8A4-092E06D5069B}.Release|x86.Build.0 = Release|Any CPU
		{C6EF75AB-0FF0-4C98-9F01-96E6492C95A2}.Debug|Any CPU.ActiveCfg = Debug|Any CPU
		{C6EF75AB-0FF0-4C98-9F01-96E6492C95A2}.Debug|Any CPU.Build.0 = Debug|Any CPU
		{C6EF75AB-0FF0-4C98-9F01-96E6492C95A2}.Debug|ARM.ActiveCfg = Debug|Any CPU
		{C6EF75AB-0FF0-4C98-9F01-96E6492C95A2}.Debug|ARM.Build.0 = Debug|Any CPU
		{C6EF75AB-0FF0-4C98-9F01-96E6492C95A2}.Debug|Mixed Platforms.ActiveCfg = Debug|Any CPU
		{C6EF75AB-0FF0-4C98-9F01-96E6492C95A2}.Debug|Mixed Platforms.Build.0 = Debug|Any CPU
		{C6EF75AB-0FF0-4C98-9F01-96E6492C95A2}.Debug|x64.ActiveCfg = Debug|Any CPU
		{C6EF75AB-0FF0-4C98-9F01-96E6492C95A2}.Debug|x64.Build.0 = Debug|Any CPU
		{C6EF75AB-0FF0-4C98-9F01-96E6492C95A2}.Debug|x86.ActiveCfg = Debug|Any CPU
		{C6EF75AB-0FF0-4C98-9F01-96E6492C95A2}.Debug|x86.Build.0 = Debug|Any CPU
		{C6EF75AB-0FF0-4C98-9F01-96E6492C95A2}.Release|Any CPU.ActiveCfg = Release|Any CPU
		{C6EF75AB-0FF0-4C98-9F01-96E6492C95A2}.Release|Any CPU.Build.0 = Release|Any CPU
		{C6EF75AB-0FF0-4C98-9F01-96E6492C95A2}.Release|ARM.ActiveCfg = Release|Any CPU
		{C6EF75AB-0FF0-4C98-9F01-96E6492C95A2}.Release|ARM.Build.0 = Release|Any CPU
		{C6EF75AB-0FF0-4C98-9F01-96E6492C95A2}.Release|Mixed Platforms.ActiveCfg = Release|Any CPU
		{C6EF75AB-0FF0-4C98-9F01-96E6492C95A2}.Release|Mixed Platforms.Build.0 = Release|Any CPU
		{C6EF75AB-0FF0-4C98-9F01-96E6492C95A2}.Release|x64.ActiveCfg = Release|Any CPU
		{C6EF75AB-0FF0-4C98-9F01-96E6492C95A2}.Release|x64.Build.0 = Release|Any CPU
		{C6EF75AB-0FF0-4C98-9F01-96E6492C95A2}.Release|x86.ActiveCfg = Release|Any CPU
		{C6EF75AB-0FF0-4C98-9F01-96E6492C95A2}.Release|x86.Build.0 = Release|Any CPU
		{9A331B4F-B619-48D6-8598-0CDBDBEBA629}.Debug|Any CPU.ActiveCfg = Debug|Any CPU
		{9A331B4F-B619-48D6-8598-0CDBDBEBA629}.Debug|Any CPU.Build.0 = Debug|Any CPU
		{9A331B4F-B619-48D6-8598-0CDBDBEBA629}.Debug|ARM.ActiveCfg = Debug|Any CPU
		{9A331B4F-B619-48D6-8598-0CDBDBEBA629}.Debug|ARM.Build.0 = Debug|Any CPU
		{9A331B4F-B619-48D6-8598-0CDBDBEBA629}.Debug|Mixed Platforms.ActiveCfg = Debug|Any CPU
		{9A331B4F-B619-48D6-8598-0CDBDBEBA629}.Debug|Mixed Platforms.Build.0 = Debug|Any CPU
		{9A331B4F-B619-48D6-8598-0CDBDBEBA629}.Debug|x64.ActiveCfg = Debug|Any CPU
		{9A331B4F-B619-48D6-8598-0CDBDBEBA629}.Debug|x64.Build.0 = Debug|Any CPU
		{9A331B4F-B619-48D6-8598-0CDBDBEBA629}.Debug|x86.ActiveCfg = Debug|Any CPU
		{9A331B4F-B619-48D6-8598-0CDBDBEBA629}.Debug|x86.Build.0 = Debug|Any CPU
		{9A331B4F-B619-48D6-8598-0CDBDBEBA629}.Release|Any CPU.ActiveCfg = Release|Any CPU
		{9A331B4F-B619-48D6-8598-0CDBDBEBA629}.Release|Any CPU.Build.0 = Release|Any CPU
		{9A331B4F-B619-48D6-8598-0CDBDBEBA629}.Release|ARM.ActiveCfg = Release|Any CPU
		{9A331B4F-B619-48D6-8598-0CDBDBEBA629}.Release|ARM.Build.0 = Release|Any CPU
		{9A331B4F-B619-48D6-8598-0CDBDBEBA629}.Release|Mixed Platforms.ActiveCfg = Release|Any CPU
		{9A331B4F-B619-48D6-8598-0CDBDBEBA629}.Release|Mixed Platforms.Build.0 = Release|Any CPU
		{9A331B4F-B619-48D6-8598-0CDBDBEBA629}.Release|x64.ActiveCfg = Release|Any CPU
		{9A331B4F-B619-48D6-8598-0CDBDBEBA629}.Release|x64.Build.0 = Release|Any CPU
		{9A331B4F-B619-48D6-8598-0CDBDBEBA629}.Release|x86.ActiveCfg = Release|Any CPU
		{9A331B4F-B619-48D6-8598-0CDBDBEBA629}.Release|x86.Build.0 = Release|Any CPU
		{BBA0FB1C-9C69-4773-8A43-7B2A522593E6}.Debug|Any CPU.ActiveCfg = Debug|Any CPU
		{BBA0FB1C-9C69-4773-8A43-7B2A522593E6}.Debug|Any CPU.Build.0 = Debug|Any CPU
		{BBA0FB1C-9C69-4773-8A43-7B2A522593E6}.Debug|ARM.ActiveCfg = Debug|Any CPU
		{BBA0FB1C-9C69-4773-8A43-7B2A522593E6}.Debug|ARM.Build.0 = Debug|Any CPU
		{BBA0FB1C-9C69-4773-8A43-7B2A522593E6}.Debug|Mixed Platforms.ActiveCfg = Debug|Any CPU
		{BBA0FB1C-9C69-4773-8A43-7B2A522593E6}.Debug|Mixed Platforms.Build.0 = Debug|Any CPU
		{BBA0FB1C-9C69-4773-8A43-7B2A522593E6}.Debug|x64.ActiveCfg = Debug|Any CPU
		{BBA0FB1C-9C69-4773-8A43-7B2A522593E6}.Debug|x64.Build.0 = Debug|Any CPU
		{BBA0FB1C-9C69-4773-8A43-7B2A522593E6}.Debug|x86.ActiveCfg = Debug|Any CPU
		{BBA0FB1C-9C69-4773-8A43-7B2A522593E6}.Debug|x86.Build.0 = Debug|Any CPU
		{BBA0FB1C-9C69-4773-8A43-7B2A522593E6}.Release|Any CPU.ActiveCfg = Release|Any CPU
		{BBA0FB1C-9C69-4773-8A43-7B2A522593E6}.Release|Any CPU.Build.0 = Release|Any CPU
		{BBA0FB1C-9C69-4773-8A43-7B2A522593E6}.Release|ARM.ActiveCfg = Release|Any CPU
		{BBA0FB1C-9C69-4773-8A43-7B2A522593E6}.Release|ARM.Build.0 = Release|Any CPU
		{BBA0FB1C-9C69-4773-8A43-7B2A522593E6}.Release|Mixed Platforms.ActiveCfg = Release|Any CPU
		{BBA0FB1C-9C69-4773-8A43-7B2A522593E6}.Release|Mixed Platforms.Build.0 = Release|Any CPU
		{BBA0FB1C-9C69-4773-8A43-7B2A522593E6}.Release|x64.ActiveCfg = Release|Any CPU
		{BBA0FB1C-9C69-4773-8A43-7B2A522593E6}.Release|x64.Build.0 = Release|Any CPU
		{BBA0FB1C-9C69-4773-8A43-7B2A522593E6}.Release|x86.ActiveCfg = Release|Any CPU
		{BBA0FB1C-9C69-4773-8A43-7B2A522593E6}.Release|x86.Build.0 = Release|Any CPU
		{AC97D2F7-7D94-4153-9A4C-4E53A69E838B}.Debug|Any CPU.ActiveCfg = Debug|Any CPU
		{AC97D2F7-7D94-4153-9A4C-4E53A69E838B}.Debug|Any CPU.Build.0 = Debug|Any CPU
		{AC97D2F7-7D94-4153-9A4C-4E53A69E838B}.Debug|ARM.ActiveCfg = Debug|Any CPU
		{AC97D2F7-7D94-4153-9A4C-4E53A69E838B}.Debug|ARM.Build.0 = Debug|Any CPU
		{AC97D2F7-7D94-4153-9A4C-4E53A69E838B}.Debug|Mixed Platforms.ActiveCfg = Debug|Any CPU
		{AC97D2F7-7D94-4153-9A4C-4E53A69E838B}.Debug|Mixed Platforms.Build.0 = Debug|Any CPU
		{AC97D2F7-7D94-4153-9A4C-4E53A69E838B}.Debug|x64.ActiveCfg = Debug|Any CPU
		{AC97D2F7-7D94-4153-9A4C-4E53A69E838B}.Debug|x64.Build.0 = Debug|Any CPU
		{AC97D2F7-7D94-4153-9A4C-4E53A69E838B}.Debug|x86.ActiveCfg = Debug|Any CPU
		{AC97D2F7-7D94-4153-9A4C-4E53A69E838B}.Debug|x86.Build.0 = Debug|Any CPU
		{AC97D2F7-7D94-4153-9A4C-4E53A69E838B}.Release|Any CPU.ActiveCfg = Release|Any CPU
		{AC97D2F7-7D94-4153-9A4C-4E53A69E838B}.Release|Any CPU.Build.0 = Release|Any CPU
		{AC97D2F7-7D94-4153-9A4C-4E53A69E838B}.Release|ARM.ActiveCfg = Release|Any CPU
		{AC97D2F7-7D94-4153-9A4C-4E53A69E838B}.Release|ARM.Build.0 = Release|Any CPU
		{AC97D2F7-7D94-4153-9A4C-4E53A69E838B}.Release|Mixed Platforms.ActiveCfg = Release|Any CPU
		{AC97D2F7-7D94-4153-9A4C-4E53A69E838B}.Release|Mixed Platforms.Build.0 = Release|Any CPU
		{AC97D2F7-7D94-4153-9A4C-4E53A69E838B}.Release|x64.ActiveCfg = Release|Any CPU
		{AC97D2F7-7D94-4153-9A4C-4E53A69E838B}.Release|x64.Build.0 = Release|Any CPU
		{AC97D2F7-7D94-4153-9A4C-4E53A69E838B}.Release|x86.ActiveCfg = Release|Any CPU
		{AC97D2F7-7D94-4153-9A4C-4E53A69E838B}.Release|x86.Build.0 = Release|Any CPU
		{D076FB25-D286-48F5-80C9-F55FFA576B77}.Debug|Any CPU.ActiveCfg = Debug|Any CPU
		{D076FB25-D286-48F5-80C9-F55FFA576B77}.Debug|Any CPU.Build.0 = Debug|Any CPU
		{D076FB25-D286-48F5-80C9-F55FFA576B77}.Debug|ARM.ActiveCfg = Debug|Any CPU
		{D076FB25-D286-48F5-80C9-F55FFA576B77}.Debug|ARM.Build.0 = Debug|Any CPU
		{D076FB25-D286-48F5-80C9-F55FFA576B77}.Debug|Mixed Platforms.ActiveCfg = Debug|Any CPU
		{D076FB25-D286-48F5-80C9-F55FFA576B77}.Debug|Mixed Platforms.Build.0 = Debug|Any CPU
		{D076FB25-D286-48F5-80C9-F55FFA576B77}.Debug|x64.ActiveCfg = Debug|Any CPU
		{D076FB25-D286-48F5-80C9-F55FFA576B77}.Debug|x64.Build.0 = Debug|Any CPU
		{D076FB25-D286-48F5-80C9-F55FFA576B77}.Debug|x86.ActiveCfg = Debug|Any CPU
		{D076FB25-D286-48F5-80C9-F55FFA576B77}.Debug|x86.Build.0 = Debug|Any CPU
		{D076FB25-D286-48F5-80C9-F55FFA576B77}.Release|Any CPU.ActiveCfg = Release|Any CPU
		{D076FB25-D286-48F5-80C9-F55FFA576B77}.Release|Any CPU.Build.0 = Release|Any CPU
		{D076FB25-D286-48F5-80C9-F55FFA576B77}.Release|ARM.ActiveCfg = Release|Any CPU
		{D076FB25-D286-48F5-80C9-F55FFA576B77}.Release|ARM.Build.0 = Release|Any CPU
		{D076FB25-D286-48F5-80C9-F55FFA576B77}.Release|Mixed Platforms.ActiveCfg = Release|Any CPU
		{D076FB25-D286-48F5-80C9-F55FFA576B77}.Release|Mixed Platforms.Build.0 = Release|Any CPU
		{D076FB25-D286-48F5-80C9-F55FFA576B77}.Release|x64.ActiveCfg = Release|Any CPU
		{D076FB25-D286-48F5-80C9-F55FFA576B77}.Release|x64.Build.0 = Release|Any CPU
		{D076FB25-D286-48F5-80C9-F55FFA576B77}.Release|x86.ActiveCfg = Release|Any CPU
		{D076FB25-D286-48F5-80C9-F55FFA576B77}.Release|x86.Build.0 = Release|Any CPU
		{FD553E7C-C90D-4112-8D90-5B0078B03336}.Debug|Any CPU.ActiveCfg = Debug|x86
		{FD553E7C-C90D-4112-8D90-5B0078B03336}.Debug|ARM.ActiveCfg = Debug|x86
		{FD553E7C-C90D-4112-8D90-5B0078B03336}.Debug|Mixed Platforms.ActiveCfg = Debug|x86
		{FD553E7C-C90D-4112-8D90-5B0078B03336}.Debug|Mixed Platforms.Build.0 = Debug|x86
		{FD553E7C-C90D-4112-8D90-5B0078B03336}.Debug|Mixed Platforms.Deploy.0 = Debug|x86
		{FD553E7C-C90D-4112-8D90-5B0078B03336}.Debug|x64.ActiveCfg = Debug|x86
		{FD553E7C-C90D-4112-8D90-5B0078B03336}.Debug|x86.ActiveCfg = Debug|x86
		{FD553E7C-C90D-4112-8D90-5B0078B03336}.Debug|x86.Build.0 = Debug|x86
		{FD553E7C-C90D-4112-8D90-5B0078B03336}.Debug|x86.Deploy.0 = Debug|x86
		{FD553E7C-C90D-4112-8D90-5B0078B03336}.Release|Any CPU.ActiveCfg = Release|x86
		{FD553E7C-C90D-4112-8D90-5B0078B03336}.Release|ARM.ActiveCfg = Release|x86
		{FD553E7C-C90D-4112-8D90-5B0078B03336}.Release|Mixed Platforms.ActiveCfg = Release|x86
		{FD553E7C-C90D-4112-8D90-5B0078B03336}.Release|Mixed Platforms.Build.0 = Release|x86
		{FD553E7C-C90D-4112-8D90-5B0078B03336}.Release|Mixed Platforms.Deploy.0 = Release|x86
		{FD553E7C-C90D-4112-8D90-5B0078B03336}.Release|x64.ActiveCfg = Release|x86
		{FD553E7C-C90D-4112-8D90-5B0078B03336}.Release|x86.ActiveCfg = Release|x86
		{FD553E7C-C90D-4112-8D90-5B0078B03336}.Release|x86.Build.0 = Release|x86
		{FD553E7C-C90D-4112-8D90-5B0078B03336}.Release|x86.Deploy.0 = Release|x86
		{EAEE6A70-5CEA-41F4-B43A-94E088F5254C}.Debug|Any CPU.ActiveCfg = Debug|Any CPU
		{EAEE6A70-5CEA-41F4-B43A-94E088F5254C}.Debug|Any CPU.Build.0 = Debug|Any CPU
		{EAEE6A70-5CEA-41F4-B43A-94E088F5254C}.Debug|ARM.ActiveCfg = Debug|Any CPU
		{EAEE6A70-5CEA-41F4-B43A-94E088F5254C}.Debug|ARM.Build.0 = Debug|Any CPU
		{EAEE6A70-5CEA-41F4-B43A-94E088F5254C}.Debug|Mixed Platforms.ActiveCfg = Debug|Any CPU
		{EAEE6A70-5CEA-41F4-B43A-94E088F5254C}.Debug|Mixed Platforms.Build.0 = Debug|Any CPU
		{EAEE6A70-5CEA-41F4-B43A-94E088F5254C}.Debug|x64.ActiveCfg = Debug|Any CPU
		{EAEE6A70-5CEA-41F4-B43A-94E088F5254C}.Debug|x64.Build.0 = Debug|Any CPU
		{EAEE6A70-5CEA-41F4-B43A-94E088F5254C}.Debug|x86.ActiveCfg = Debug|Any CPU
		{EAEE6A70-5CEA-41F4-B43A-94E088F5254C}.Debug|x86.Build.0 = Debug|Any CPU
		{EAEE6A70-5CEA-41F4-B43A-94E088F5254C}.Release|Any CPU.ActiveCfg = Release|Any CPU
		{EAEE6A70-5CEA-41F4-B43A-94E088F5254C}.Release|Any CPU.Build.0 = Release|Any CPU
		{EAEE6A70-5CEA-41F4-B43A-94E088F5254C}.Release|ARM.ActiveCfg = Release|Any CPU
		{EAEE6A70-5CEA-41F4-B43A-94E088F5254C}.Release|ARM.Build.0 = Release|Any CPU
		{EAEE6A70-5CEA-41F4-B43A-94E088F5254C}.Release|Mixed Platforms.ActiveCfg = Release|Any CPU
		{EAEE6A70-5CEA-41F4-B43A-94E088F5254C}.Release|Mixed Platforms.Build.0 = Release|Any CPU
		{EAEE6A70-5CEA-41F4-B43A-94E088F5254C}.Release|x64.ActiveCfg = Release|Any CPU
		{EAEE6A70-5CEA-41F4-B43A-94E088F5254C}.Release|x64.Build.0 = Release|Any CPU
		{EAEE6A70-5CEA-41F4-B43A-94E088F5254C}.Release|x86.ActiveCfg = Release|Any CPU
		{EAEE6A70-5CEA-41F4-B43A-94E088F5254C}.Release|x86.Build.0 = Release|Any CPU
		{265092EA-A2DF-4A30-B361-EDC66DFB9656}.Debug|Any CPU.ActiveCfg = Debug|Any CPU
		{265092EA-A2DF-4A30-B361-EDC66DFB9656}.Debug|Any CPU.Build.0 = Debug|Any CPU
		{265092EA-A2DF-4A30-B361-EDC66DFB9656}.Debug|ARM.ActiveCfg = Debug|Any CPU
		{265092EA-A2DF-4A30-B361-EDC66DFB9656}.Debug|ARM.Build.0 = Debug|Any CPU
		{265092EA-A2DF-4A30-B361-EDC66DFB9656}.Debug|Mixed Platforms.ActiveCfg = Debug|Any CPU
		{265092EA-A2DF-4A30-B361-EDC66DFB9656}.Debug|Mixed Platforms.Build.0 = Debug|Any CPU
		{265092EA-A2DF-4A30-B361-EDC66DFB9656}.Debug|x64.ActiveCfg = Debug|Any CPU
		{265092EA-A2DF-4A30-B361-EDC66DFB9656}.Debug|x64.Build.0 = Debug|Any CPU
		{265092EA-A2DF-4A30-B361-EDC66DFB9656}.Debug|x86.ActiveCfg = Debug|Any CPU
		{265092EA-A2DF-4A30-B361-EDC66DFB9656}.Debug|x86.Build.0 = Debug|Any CPU
		{265092EA-A2DF-4A30-B361-EDC66DFB9656}.Release|Any CPU.ActiveCfg = Release|Any CPU
		{265092EA-A2DF-4A30-B361-EDC66DFB9656}.Release|Any CPU.Build.0 = Release|Any CPU
		{265092EA-A2DF-4A30-B361-EDC66DFB9656}.Release|ARM.ActiveCfg = Release|Any CPU
		{265092EA-A2DF-4A30-B361-EDC66DFB9656}.Release|ARM.Build.0 = Release|Any CPU
		{265092EA-A2DF-4A30-B361-EDC66DFB9656}.Release|Mixed Platforms.ActiveCfg = Release|Any CPU
		{265092EA-A2DF-4A30-B361-EDC66DFB9656}.Release|Mixed Platforms.Build.0 = Release|Any CPU
		{265092EA-A2DF-4A30-B361-EDC66DFB9656}.Release|x64.ActiveCfg = Release|Any CPU
		{265092EA-A2DF-4A30-B361-EDC66DFB9656}.Release|x64.Build.0 = Release|Any CPU
		{265092EA-A2DF-4A30-B361-EDC66DFB9656}.Release|x86.ActiveCfg = Release|Any CPU
		{265092EA-A2DF-4A30-B361-EDC66DFB9656}.Release|x86.Build.0 = Release|Any CPU
		{14123A8E-6D6B-4362-B001-35B8C2505EED}.Debug|Any CPU.ActiveCfg = Debug|Any CPU
		{14123A8E-6D6B-4362-B001-35B8C2505EED}.Debug|Any CPU.Build.0 = Debug|Any CPU
		{14123A8E-6D6B-4362-B001-35B8C2505EED}.Debug|ARM.ActiveCfg = Debug|Any CPU
		{14123A8E-6D6B-4362-B001-35B8C2505EED}.Debug|ARM.Build.0 = Debug|Any CPU
		{14123A8E-6D6B-4362-B001-35B8C2505EED}.Debug|Mixed Platforms.ActiveCfg = Debug|Any CPU
		{14123A8E-6D6B-4362-B001-35B8C2505EED}.Debug|Mixed Platforms.Build.0 = Debug|Any CPU
		{14123A8E-6D6B-4362-B001-35B8C2505EED}.Debug|x64.ActiveCfg = Debug|Any CPU
		{14123A8E-6D6B-4362-B001-35B8C2505EED}.Debug|x64.Build.0 = Debug|Any CPU
		{14123A8E-6D6B-4362-B001-35B8C2505EED}.Debug|x86.ActiveCfg = Debug|Any CPU
		{14123A8E-6D6B-4362-B001-35B8C2505EED}.Debug|x86.Build.0 = Debug|Any CPU
		{14123A8E-6D6B-4362-B001-35B8C2505EED}.Release|Any CPU.ActiveCfg = Release|Any CPU
		{14123A8E-6D6B-4362-B001-35B8C2505EED}.Release|Any CPU.Build.0 = Release|Any CPU
		{14123A8E-6D6B-4362-B001-35B8C2505EED}.Release|ARM.ActiveCfg = Release|Any CPU
		{14123A8E-6D6B-4362-B001-35B8C2505EED}.Release|ARM.Build.0 = Release|Any CPU
		{14123A8E-6D6B-4362-B001-35B8C2505EED}.Release|Mixed Platforms.ActiveCfg = Release|Any CPU
		{14123A8E-6D6B-4362-B001-35B8C2505EED}.Release|Mixed Platforms.Build.0 = Release|Any CPU
		{14123A8E-6D6B-4362-B001-35B8C2505EED}.Release|x64.ActiveCfg = Release|Any CPU
		{14123A8E-6D6B-4362-B001-35B8C2505EED}.Release|x64.Build.0 = Release|Any CPU
		{14123A8E-6D6B-4362-B001-35B8C2505EED}.Release|x86.ActiveCfg = Release|Any CPU
		{14123A8E-6D6B-4362-B001-35B8C2505EED}.Release|x86.Build.0 = Release|Any CPU
		{621893EB-F854-4777-8CFD-9032E6FF740C}.Debug|Any CPU.ActiveCfg = Debug|Any CPU
		{621893EB-F854-4777-8CFD-9032E6FF740C}.Debug|Any CPU.Build.0 = Debug|Any CPU
		{621893EB-F854-4777-8CFD-9032E6FF740C}.Debug|ARM.ActiveCfg = Debug|ARM
		{621893EB-F854-4777-8CFD-9032E6FF740C}.Debug|ARM.Build.0 = Debug|ARM
		{621893EB-F854-4777-8CFD-9032E6FF740C}.Debug|Mixed Platforms.ActiveCfg = Debug|x86
		{621893EB-F854-4777-8CFD-9032E6FF740C}.Debug|Mixed Platforms.Build.0 = Debug|x86
		{621893EB-F854-4777-8CFD-9032E6FF740C}.Debug|x64.ActiveCfg = Debug|Any CPU
		{621893EB-F854-4777-8CFD-9032E6FF740C}.Debug|x64.Build.0 = Debug|Any CPU
		{621893EB-F854-4777-8CFD-9032E6FF740C}.Debug|x86.ActiveCfg = Debug|x86
		{621893EB-F854-4777-8CFD-9032E6FF740C}.Debug|x86.Build.0 = Debug|x86
		{621893EB-F854-4777-8CFD-9032E6FF740C}.Release|Any CPU.ActiveCfg = Release|Any CPU
		{621893EB-F854-4777-8CFD-9032E6FF740C}.Release|Any CPU.Build.0 = Release|Any CPU
		{621893EB-F854-4777-8CFD-9032E6FF740C}.Release|ARM.ActiveCfg = Release|ARM
		{621893EB-F854-4777-8CFD-9032E6FF740C}.Release|ARM.Build.0 = Release|ARM
		{621893EB-F854-4777-8CFD-9032E6FF740C}.Release|Mixed Platforms.ActiveCfg = Release|x86
		{621893EB-F854-4777-8CFD-9032E6FF740C}.Release|Mixed Platforms.Build.0 = Release|x86
		{621893EB-F854-4777-8CFD-9032E6FF740C}.Release|x64.ActiveCfg = Release|Any CPU
		{621893EB-F854-4777-8CFD-9032E6FF740C}.Release|x64.Build.0 = Release|Any CPU
		{621893EB-F854-4777-8CFD-9032E6FF740C}.Release|x86.ActiveCfg = Release|x86
		{621893EB-F854-4777-8CFD-9032E6FF740C}.Release|x86.Build.0 = Release|x86
		{D90076F7-CC99-4C68-BDF6-F6585F3B41A5}.Debug|Any CPU.ActiveCfg = Debug|Any CPU
		{D90076F7-CC99-4C68-BDF6-F6585F3B41A5}.Debug|Any CPU.Build.0 = Debug|Any CPU
		{D90076F7-CC99-4C68-BDF6-F6585F3B41A5}.Debug|ARM.ActiveCfg = Debug|Any CPU
		{D90076F7-CC99-4C68-BDF6-F6585F3B41A5}.Debug|ARM.Build.0 = Debug|Any CPU
		{D90076F7-CC99-4C68-BDF6-F6585F3B41A5}.Debug|Mixed Platforms.ActiveCfg = Debug|Any CPU
		{D90076F7-CC99-4C68-BDF6-F6585F3B41A5}.Debug|Mixed Platforms.Build.0 = Debug|Any CPU
		{D90076F7-CC99-4C68-BDF6-F6585F3B41A5}.Debug|x64.ActiveCfg = Debug|Any CPU
		{D90076F7-CC99-4C68-BDF6-F6585F3B41A5}.Debug|x64.Build.0 = Debug|Any CPU
		{D90076F7-CC99-4C68-BDF6-F6585F3B41A5}.Debug|x86.ActiveCfg = Debug|Any CPU
		{D90076F7-CC99-4C68-BDF6-F6585F3B41A5}.Debug|x86.Build.0 = Debug|Any CPU
		{D90076F7-CC99-4C68-BDF6-F6585F3B41A5}.Release|Any CPU.ActiveCfg = Release|Any CPU
		{D90076F7-CC99-4C68-BDF6-F6585F3B41A5}.Release|Any CPU.Build.0 = Release|Any CPU
		{D90076F7-CC99-4C68-BDF6-F6585F3B41A5}.Release|ARM.ActiveCfg = Release|Any CPU
		{D90076F7-CC99-4C68-BDF6-F6585F3B41A5}.Release|ARM.Build.0 = Release|Any CPU
		{D90076F7-CC99-4C68-BDF6-F6585F3B41A5}.Release|Mixed Platforms.ActiveCfg = Release|Any CPU
		{D90076F7-CC99-4C68-BDF6-F6585F3B41A5}.Release|Mixed Platforms.Build.0 = Release|Any CPU
		{D90076F7-CC99-4C68-BDF6-F6585F3B41A5}.Release|x64.ActiveCfg = Release|Any CPU
		{D90076F7-CC99-4C68-BDF6-F6585F3B41A5}.Release|x64.Build.0 = Release|Any CPU
		{D90076F7-CC99-4C68-BDF6-F6585F3B41A5}.Release|x86.ActiveCfg = Release|Any CPU
		{D90076F7-CC99-4C68-BDF6-F6585F3B41A5}.Release|x86.Build.0 = Release|Any CPU
		{B783C49C-FD04-49DA-BD5D-8D11AC9C20C3}.Debug|Any CPU.ActiveCfg = Debug|Any CPU
		{B783C49C-FD04-49DA-BD5D-8D11AC9C20C3}.Debug|Any CPU.Build.0 = Debug|Any CPU
		{B783C49C-FD04-49DA-BD5D-8D11AC9C20C3}.Debug|ARM.ActiveCfg = Debug|Any CPU
		{B783C49C-FD04-49DA-BD5D-8D11AC9C20C3}.Debug|ARM.Build.0 = Debug|Any CPU
		{B783C49C-FD04-49DA-BD5D-8D11AC9C20C3}.Debug|Mixed Platforms.ActiveCfg = Debug|Any CPU
		{B783C49C-FD04-49DA-BD5D-8D11AC9C20C3}.Debug|Mixed Platforms.Build.0 = Debug|Any CPU
		{B783C49C-FD04-49DA-BD5D-8D11AC9C20C3}.Debug|x64.ActiveCfg = Debug|Any CPU
		{B783C49C-FD04-49DA-BD5D-8D11AC9C20C3}.Debug|x64.Build.0 = Debug|Any CPU
		{B783C49C-FD04-49DA-BD5D-8D11AC9C20C3}.Debug|x86.ActiveCfg = Debug|Any CPU
		{B783C49C-FD04-49DA-BD5D-8D11AC9C20C3}.Debug|x86.Build.0 = Debug|Any CPU
		{B783C49C-FD04-49DA-BD5D-8D11AC9C20C3}.Release|Any CPU.ActiveCfg = Release|Any CPU
		{B783C49C-FD04-49DA-BD5D-8D11AC9C20C3}.Release|Any CPU.Build.0 = Release|Any CPU
		{B783C49C-FD04-49DA-BD5D-8D11AC9C20C3}.Release|ARM.ActiveCfg = Release|Any CPU
		{B783C49C-FD04-49DA-BD5D-8D11AC9C20C3}.Release|ARM.Build.0 = Release|Any CPU
		{B783C49C-FD04-49DA-BD5D-8D11AC9C20C3}.Release|Mixed Platforms.ActiveCfg = Release|Any CPU
		{B783C49C-FD04-49DA-BD5D-8D11AC9C20C3}.Release|Mixed Platforms.Build.0 = Release|Any CPU
		{B783C49C-FD04-49DA-BD5D-8D11AC9C20C3}.Release|x64.ActiveCfg = Release|Any CPU
		{B783C49C-FD04-49DA-BD5D-8D11AC9C20C3}.Release|x64.Build.0 = Release|Any CPU
		{B783C49C-FD04-49DA-BD5D-8D11AC9C20C3}.Release|x86.ActiveCfg = Release|Any CPU
		{B783C49C-FD04-49DA-BD5D-8D11AC9C20C3}.Release|x86.Build.0 = Release|Any CPU
	EndGlobalSection
	GlobalSection(SolutionProperties) = preSolution
		HideSolutionNode = FALSE
	EndGlobalSection
	GlobalSection(NestedProjects) = preSolution
		{C6EF75AB-0FF0-4C98-9F01-96E6492C95A2} = {5116D6F6-6065-48C7-BE05-71EED997F2F9}
		{9A331B4F-B619-48D6-8598-0CDBDBEBA629} = {5116D6F6-6065-48C7-BE05-71EED997F2F9}
		{BBA0FB1C-9C69-4773-8A43-7B2A522593E6} = {5116D6F6-6065-48C7-BE05-71EED997F2F9}
		{AC97D2F7-7D94-4153-9A4C-4E53A69E838B} = {5116D6F6-6065-48C7-BE05-71EED997F2F9}
		{EAEE6A70-5CEA-41F4-B43A-94E088F5254C} = {5116D6F6-6065-48C7-BE05-71EED997F2F9}
		{D90076F7-CC99-4C68-BDF6-F6585F3B41A5} = {5116D6F6-6065-48C7-BE05-71EED997F2F9}
	EndGlobalSection
EndGlobal
